// !$*UTF8*$!
{
	archiveVersion = 1;
	classes = {
	};
	objectVersion = 46;
	objects = {

/* Begin PBXBuildFile section */
		53DF53761C16C4F4004D76A1 /* main.cpp in Sources */ = {isa = PBXBuildFile; fileRef = 53DF53751C16C4F4004D76A1 /* main.cpp */; };
		53DF537D1C16C50F004D76A1 /* GLUT.framework in Frameworks */ = {isa = PBXBuildFile; fileRef = 53DF537C1C16C50F004D76A1 /* GLUT.framework */; };
		53DF537F1C16C515004D76A1 /* OpenGL.framework in Frameworks */ = {isa = PBXBuildFile; fileRef = 53DF537E1C16C515004D76A1 /* OpenGL.framework */; };
/* End PBXBuildFile section */

/* Begin PBXCopyFilesBuildPhase section */
		53DF53701C16C4F4004D76A1 /* CopyFiles */ = {
			isa = PBXCopyFilesBuildPhase;
			buildActionMask = 2147483647;
			dstPath = /usr/share/man/man1/;
			dstSubfolderSpec = 0;
			files = (
			);
			runOnlyForDeploymentPostprocessing = 1;
		};
/* End PBXCopyFilesBuildPhase section */

/* Begin PBXFileReference section */
		53DF53721C16C4F4004D76A1 /* OpenGL_1 */ = {isa = PBXFileReference; explicitFileType = "compiled.mach-o.executable"; includeInIndex = 0; path = OpenGL_1; sourceTree = BUILT_PRODUCTS_DIR; };
		53DF53751C16C4F4004D76A1 /* main.cpp */ = {isa = PBXFileReference; lastKnownFileType = sourcecode.cpp.cpp; path = main.cpp; sourceTree = "<group>"; };
		53DF537C1C16C50F004D76A1 /* GLUT.framework */ = {isa = PBXFileReference; lastKnownFileType = wrapper.framework; name = GLUT.framework; path = System/Library/Frameworks/GLUT.framework; sourceTree = SDKROOT; };
		53DF537E1C16C515004D76A1 /* OpenGL.framework */ = {isa = PBXFileReference; lastKnownFileType = wrapper.framework; name = OpenGL.framework; path = System/Library/Frameworks/OpenGL.framework; sourceTree = SDKROOT; };
/* End PBXFileReference section */

/* Begin PBXFrameworksBuildPhase section */
		53DF536F1C16C4F4004D76A1 /* Frameworks */ = {
			isa = PBXFrameworksBuildPhase;
			buildActionMask = 2147483647;
			files = (
				53DF537F1C16C515004D76A1 /* OpenGL.framework in Frameworks */,
				53DF537D1C16C50F004D76A1 /* GLUT.framework in Frameworks */,
			);
			runOnlyForDeploymentPostprocessing = 0;
		};
/* End PBXFrameworksBuildPhase section */

/* Begin PBXGroup section */
		53DF53691C16C4F4004D76A1 = {
			isa = PBXGroup;
			children = (
				53DF537E1C16C515004D76A1 /* OpenGL.framework */,
				53DF537C1C16C50F004D76A1 /* GLUT.framework */,
				53DF53741C16C4F4004D76A1 /* OpenGL_1 */,
				53DF53731C16C4F4004D76A1 /* Products */,
			);
			sourceTree = "<group>";
		};
		53DF53731C16C4F4004D76A1 /* Products */ = {
			isa = PBXGroup;
			children = (
				53DF53721C16C4F4004D76A1 /* OpenGL_1 */,
			);
			name = Products;
			sourceTree = "<group>";
		};
		53DF53741C16C4F4004D76A1 /* OpenGL_1 */ = {
			isa = PBXGroup;
			children = (
				53DF53751C16C4F4004D76A1 /* main.cpp */,
			);
			path = OpenGL_1;
			sourceTree = "<group>";
		};
/* End PBXGroup section */

/* Begin PBXNativeTarget section */
		53DF53711C16C4F4004D76A1 /* OpenGL_1 */ = {
			isa = PBXNativeTarget;
			buildConfigurationList = 53DF53791C16C4F4004D76A1 /* Build configuration list for PBXNativeTarget "OpenGL_1" */;
			buildPhases = (
				53DF536E1C16C4F4004D76A1 /* Sources */,
				53DF536F1C16C4F4004D76A1 /* Frameworks */,
				53DF53701C16C4F4004D76A1 /* CopyFiles */,
			);
			buildRules = (
			);
			dependencies = (
			);
			name = OpenGL_1;
			productName = OpenGL_1;
			productReference = 53DF53721C16C4F4004D76A1 /* OpenGL_1 */;
			productType = "com.apple.product-type.tool";
		};
/* End PBXNativeTarget section */

/* Begin PBXProject section */
		53DF536A1C16C4F4004D76A1 /* Project object */ = {
			isa = PBXProject;
			attributes = {
				LastUpgradeCheck = 0710;
				ORGANIZATIONNAME = "常惠源";
				TargetAttributes = {
					53DF53711C16C4F4004D76A1 = {
						CreatedOnToolsVersion = 7.1.1;
					};
				};
			};
			buildConfigurationList = 53DF536D1C16C4F4004D76A1 /* Build configuration list for PBXProject "OpenGL_1" */;
			compatibilityVersion = "Xcode 3.2";
			developmentRegion = English;
			hasScannedForEncodings = 0;
			knownRegions = (
				en,
			);
			mainGroup = 53DF53691C16C4F4004D76A1;
			productRefGroup = 53DF53731C16C4F4004D76A1 /* Products */;
			projectDirPath = "";
			projectRoot = "";
			targets = (
				53DF53711C16C4F4004D76A1 /* OpenGL_1 */,
			);
		};
/* End PBXProject section */

/* Begin PBXSourcesBuildPhase section */
		53DF536E1C16C4F4004D76A1 /* Sources */ = {
			isa = PBXSourcesBuildPhase;
			buildActionMask = 2147483647;
			files = (
				53DF53761C16C4F4004D76A1 /* main.cpp in Sources */,
			);
			runOnlyForDeploymentPostprocessing = 0;
		};
/* End PBXSourcesBuildPhase section */

/* Begin XCBuildConfiguration section */
		53DF53771C16C4F4004D76A1 /* Debug */ = {
			isa = XCBuildConfiguration;
			buildSettings = {
				ALWAYS_SEARCH_USER_PATHS = NO;
				CLANG_CXX_LANGUAGE_STANDARD = "gnu++0x";
				CLANG_CXX_LIBRARY = "libc++";
				CLANG_ENABLE_MODULES = YES;
				CLANG_ENABLE_OBJC_ARC = YES;
				CLANG_WARN_BOOL_CONVERSION = YES;
				CLANG_WARN_CONSTANT_CONVERSION = YES;
				CLANG_WARN_DIRECT_OBJC_ISA_USAGE = YES_ERROR;
				CLANG_WARN_EMPTY_BODY = YES;
				CLANG_WARN_ENUM_CONVERSION = YES;
				CLANG_WARN_INT_CONVERSION = YES;
				CLANG_WARN_OBJC_ROOT_CLASS = YES_ERROR;
				CLANG_WARN_UNREACHABLE_CODE = YES;
				CLANG_WARN__DUPLICATE_METHOD_MATCH = YES;
				CODE_SIGN_IDENTITY = "-";
				COPY_PHASE_STRIP = NO;
				DEBUG_INFORMATION_FORMAT = dwarf;
				ENABLE_STRICT_OBJC_MSGSEND = YES;
				ENABLE_TESTABILITY = YES;
				GCC_C_LANGUAGE_STANDARD = gnu99;
				GCC_DYNAMIC_NO_PIC = NO;
				GCC_NO_COMMON_BLOCKS = YES;
				GCC_OPTIMIZATION_LEVEL = 0;
				GCC_PREPROCESSOR_DEFINITIONS = (
					"DEBUG=1",
					"$(inherited)",
				);
				GCC_WARN_64_TO_32_BIT_CONVERSION = YES;
				GCC_WARN_ABOUT_RETURN_TYPE = YES_ERROR;
				GCC_WARN_UNDECLARED_SELECTOR = YES;
				GCC_WARN_UNINITIALIZED_AUTOS = YES_AGGRESSIVE;
				GCC_WARN_UNUSED_FUNCTION = YES;
				GCC_WARN_UNUSED_VARIABLE = YES;
				MACOSX_DEPLOYMENT_TARGET = 10.11;
				MTL_ENABLE_DEBUG_INFO = YES;
				ONLY_ACTIVE_ARCH = YES;
				SDKROOT = macosx;
			};
			name = Debug;
		};
		53DF53781C16C4F4004D76A1 /* Release */ = {
			isa = XCBuildConfiguration;
			buildSettings = {
				ALWAYS_SEARCH_USER_PATHS = NO;
				CLANG_CXX_LANGUAGE_STANDARD = "gnu++0x";
				CLANG_CXX_LIBRARY = "libc++";
				CLANG_ENABLE_MODULES = YES;
				CLANG_ENABLE_OBJC_ARC = YES;
				CLANG_WARN_BOOL_CONVERSION = YES;
				CLANG_WARN_CONSTANT_CONVERSION = YES;
				CLANG_WARN_DIRECT_OBJC_ISA_USAGE = YES_ERROR;
				CLANG_WARN_EMPTY_BODY = YES;
				CLANG_WARN_ENUM_CONVERSION = YES;
				CLANG_WARN_INT_CONVERSION = YES;
				CLANG_WARN_OBJC_ROOT_CLASS = YES_ERROR;
				CLANG_WARN_UNREACHABLE_CODE = YES;
				CLANG_WARN__DUPLICATE_METHOD_MATCH = YES;
				CODE_SIGN_IDENTITY = "-";
				COPY_PHASE_STRIP = NO;
				DEBUG_INFORMATION_FORMAT = "dwarf-with-dsym";
				ENABLE_NS_ASSERTIONS = NO;
				ENABLE_STRICT_OBJC_MSGSEND = YES;
				GCC_C_LANGUAGE_STANDARD = gnu99;
				GCC_NO_COMMON_BLOCKS = YES;
				GCC_WARN_64_TO_32_BIT_CONVERSION = YES;
				GCC_WARN_ABOUT_RETURN_TYPE = YES_ERROR;
				GCC_WARN_UNDECLARED_SELECTOR = YES;
				GCC_WARN_UNINITIALIZED_AUTOS = YES_AGGRESSIVE;
				GCC_WARN_UNUSED_FUNCTION = YES;
				GCC_WARN_UNUSED_VARIABLE = YES;
				MACOSX_DEPLOYMENT_TARGET = 10.11;
				MTL_ENABLE_DEBUG_INFO = NO;
				SDKROOT = macosx;
			};
			name = Release;
		};
		53DF537A1C16C4F4004D76A1 /* Debug */ = {
			isa = XCBuildConfiguration;
			buildSettings = {
				PRODUCT_NAME = "$(TARGET_NAME)";
			};
			name = Debug;
		};
		53DF537B1C16C4F4004D76A1 /* Release */ = {
			isa = XCBuildConfiguration;
			buildSettings = {
				PRODUCT_NAME = "$(TARGET_NAME)";
			};
			name = Release;
		};
/* End XCBuildConfiguration section */

/* Begin XCConfigurationList section */
		53DF536D1C16C4F4004D76A1 /* Build configuration list for PBXProject "OpenGL_1" */ = {
			isa = XCConfigurationList;
			buildConfigurations = (
				53DF53771C16C4F4004D76A1 /* Debug */,
				53DF53781C16C4F4004D76A1 /* Release */,
			);
			defaultConfigurationIsVisible = 0;
			defaultConfigurationName = Release;
		};
		53DF53791C16C4F4004D76A1 /* Build configuration list for PBXNativeTarget "OpenGL_1" */ = {
			isa = XCConfigurationList;
			buildConfigurations = (
				53DF537A1C16C4F4004D76A1 /* Debug */,
				53DF537B1C16C4F4004D76A1 /* Release */,
			);
			defaultConfigurationIsVisible = 0;
		};
/* End XCConfigurationList section */
	};
	rootObject = 53DF536A1C16C4F4004D76A1 /* Project object */;
}
