// !$*UTF8*$!
{
	archiveVersion = 1;
	classes = {
	};
	objectVersion = 46;
	objects = {

/* Begin PBXBuildFile section */
		C21C2ECB1C2048750095E9EF /* main.c in Sources */ = {isa = PBXBuildFile; fileRef = C21C2ECA1C2048750095E9EF /* main.c */; };
		C21C2ED21C2048840095E9EF /* OpenGL.framework in Frameworks */ = {isa = PBXBuildFile; fileRef = C21C2ED11C2048840095E9EF /* OpenGL.framework */; };
		C21C2ED41C20488B0095E9EF /* GLUT.framework in Frameworks */ = {isa = PBXBuildFile; fileRef = C21C2ED31C20488B0095E9EF /* GLUT.framework */; };
/* End PBXBuildFile section */

/* Begin PBXCopyFilesBuildPhase section */
		C21C2EC51C2048750095E9EF /* CopyFiles */ = {
			isa = PBXCopyFilesBuildPhase;
			buildActionMask = 2147483647;
			dstPath = /usr/share/man/man1/;
			dstSubfolderSpec = 0;
			files = (
			);
			runOnlyForDeploymentPostprocessing = 1;
		};
/* End PBXCopyFilesBuildPhase section */

/* Begin PBXFileReference section */
		C21C2EC71C2048750095E9EF /* OpenglTest1 */ = {isa = PBXFileReference; explicitFileType = "compiled.mach-o.executable"; includeInIndex = 0; path = OpenglTest1; sourceTree = BUILT_PRODUCTS_DIR; };
		C21C2ECA1C2048750095E9EF /* main.c */ = {isa = PBXFileReference; lastKnownFileType = sourcecode.c.c; path = main.c; sourceTree = "<group>"; };
		C21C2ED11C2048840095E9EF /* OpenGL.framework */ = {isa = PBXFileReference; lastKnownFileType = wrapper.framework; name = OpenGL.framework; path = System/Library/Frameworks/OpenGL.framework; sourceTree = SDKROOT; };
		C21C2ED31C20488B0095E9EF /* GLUT.framework */ = {isa = PBXFileReference; lastKnownFileType = wrapper.framework; name = GLUT.framework; path = System/Library/Frameworks/GLUT.framework; sourceTree = SDKROOT; };
/* End PBXFileReference section */

/* Begin PBXFrameworksBuildPhase section */
		C21C2EC41C2048750095E9EF /* Frameworks */ = {
			isa = PBXFrameworksBuildPhase;
			buildActionMask = 2147483647;
			files = (
				C21C2ED41C20488B0095E9EF /* GLUT.framework in Frameworks */,
				C21C2ED21C2048840095E9EF /* OpenGL.framework in Frameworks */,
			);
			runOnlyForDeploymentPostprocessing = 0;
		};
/* End PBXFrameworksBuildPhase section */

/* Begin PBXGroup section */
		C21C2EBE1C2048750095E9EF = {
			isa = PBXGroup;
			children = (
				C21C2ED31C20488B0095E9EF /* GLUT.framework */,
				C21C2ED11C2048840095E9EF /* OpenGL.framework */,
				C21C2EC91C2048750095E9EF /* OpenglTest1 */,
				C21C2EC81C2048750095E9EF /* Products */,
			);
			sourceTree = "<group>";
		};
		C21C2EC81C2048750095E9EF /* Products */ = {
			isa = PBXGroup;
			children = (
				C21C2EC71C2048750095E9EF /* OpenglTest1 */,
			);
			name = Products;
			sourceTree = "<group>";
		};
		C21C2EC91C2048750095E9EF /* OpenglTest1 */ = {
			isa = PBXGroup;
			children = (
				C21C2ECA1C2048750095E9EF /* main.c */,
			);
			path = OpenglTest1;
			sourceTree = "<group>";
		};
/* End PBXGroup section */

/* Begin PBXNativeTarget section */
		C21C2EC61C2048750095E9EF /* OpenglTest1 */ = {
			isa = PBXNativeTarget;
			buildConfigurationList = C21C2ECE1C2048750095E9EF /* Build configuration list for PBXNativeTarget "OpenglTest1" */;
			buildPhases = (
				C21C2EC31C2048750095E9EF /* Sources */,
				C21C2EC41C2048750095E9EF /* Frameworks */,
				C21C2EC51C2048750095E9EF /* CopyFiles */,
			);
			buildRules = (
			);
			dependencies = (
			);
			name = OpenglTest1;
			productName = OpenglTest1;
			productReference = C21C2EC71C2048750095E9EF /* OpenglTest1 */;
			productType = "com.apple.product-type.tool";
		};
/* End PBXNativeTarget section */

/* Begin PBXProject section */
		C21C2EBF1C2048750095E9EF /* Project object */ = {
			isa = PBXProject;
			attributes = {
				LastUpgradeCheck = 0720;
				ORGANIZATIONNAME = sjaiwl;
				TargetAttributes = {
					C21C2EC61C2048750095E9EF = {
						CreatedOnToolsVersion = 7.2;
					};
				};
			};
			buildConfigurationList = C21C2EC21C2048750095E9EF /* Build configuration list for PBXProject "OpenglTest1" */;
			compatibilityVersion = "Xcode 3.2";
			developmentRegion = English;
			hasScannedForEncodings = 0;
			knownRegions = (
				en,
			);
			mainGroup = C21C2EBE1C2048750095E9EF;
			productRefGroup = C21C2EC81C2048750095E9EF /* Products */;
			projectDirPath = "";
			projectRoot = "";
			targets = (
				C21C2EC61C2048750095E9EF /* OpenglTest1 */,
			);
		};
/* End PBXProject section */

/* Begin PBXSourcesBuildPhase section */
		C21C2EC31C2048750095E9EF /* Sources */ = {
			isa = PBXSourcesBuildPhase;
			buildActionMask = 2147483647;
			files = (
				C21C2ECB1C2048750095E9EF /* main.c in Sources */,
			);
			runOnlyForDeploymentPostprocessing = 0;
		};
/* End PBXSourcesBuildPhase section */

/* Begin XCBuildConfiguration section */
		C21C2ECC1C2048750095E9EF /* Debug */ = {
			isa = XCBuildConfiguration;
			buildSettings = {
				ALWAYS_SEARCH_USER_PATHS = NO;
				CLANG_CXX_LANGUAGE_STANDARD = "gnu++0x";
				CLANG_CXX_LIBRARY = "libc++";
				CLANG_ENABLE_MODULES = YES;
				CLANG_ENABLE_OBJC_ARC = YES;
				CLANG_WARN_BOOL_CONVERSION = YES;
				CLANG_WARN_CONSTANT_CONVERSION = YES;
				CLANG_WARN_DIRECT_OBJC_ISA_USAGE = YES_ERROR;
				CLANG_WARN_EMPTY_BODY = YES;
				CLANG_WARN_ENUM_CONVERSION = YES;
				CLANG_WARN_INT_CONVERSION = YES;
				CLANG_WARN_OBJC_ROOT_CLASS = YES_ERROR;
				CLANG_WARN_UNREACHABLE_CODE = YES;
				CLANG_WARN__DUPLICATE_METHOD_MATCH = YES;
				CODE_SIGN_IDENTITY = "-";
				COPY_PHASE_STRIP = NO;
				DEBUG_INFORMATION_FORMAT = dwarf;
				ENABLE_STRICT_OBJC_MSGSEND = YES;
				ENABLE_TESTABILITY = YES;
				GCC_C_LANGUAGE_STANDARD = gnu99;
				GCC_DYNAMIC_NO_PIC = NO;
				GCC_NO_COMMON_BLOCKS = YES;
				GCC_OPTIMIZATION_LEVEL = 0;
				GCC_PREPROCESSOR_DEFINITIONS = (
					"DEBUG=1",
					"$(inherited)",
				);
				GCC_WARN_64_TO_32_BIT_CONVERSION = YES;
				GCC_WARN_ABOUT_RETURN_TYPE = YES_ERROR;
				GCC_WARN_UNDECLARED_SELECTOR = YES;
				GCC_WARN_UNINITIALIZED_AUTOS = YES_AGGRESSIVE;
				GCC_WARN_UNUSED_FUNCTION = YES;
				GCC_WARN_UNUSED_VARIABLE = YES;
				MACOSX_DEPLOYMENT_TARGET = 10.11;
				MTL_ENABLE_DEBUG_INFO = YES;
				ONLY_ACTIVE_ARCH = YES;
				SDKROOT = macosx;
			};
			name = Debug;
		};
		C21C2ECD1C2048750095E9EF /* Release */ = {
			isa = XCBuildConfiguration;
			buildSettings = {
				ALWAYS_SEARCH_USER_PATHS = NO;
				CLANG_CXX_LANGUAGE_STANDARD = "gnu++0x";
				CLANG_CXX_LIBRARY = "libc++";
				CLANG_ENABLE_MODULES = YES;
				CLANG_ENABLE_OBJC_ARC = YES;
				CLANG_WARN_BOOL_CONVERSION = YES;
				CLANG_WARN_CONSTANT_CONVERSION = YES;
				CLANG_WARN_DIRECT_OBJC_ISA_USAGE = YES_ERROR;
				CLANG_WARN_EMPTY_BODY = YES;
				CLANG_WARN_ENUM_CONVERSION = YES;
				CLANG_WARN_INT_CONVERSION = YES;
				CLANG_WARN_OBJC_ROOT_CLASS = YES_ERROR;
				CLANG_WARN_UNREACHABLE_CODE = YES;
				CLANG_WARN__DUPLICATE_METHOD_MATCH = YES;
				CODE_SIGN_IDENTITY = "-";
				COPY_PHASE_STRIP = NO;
				DEBUG_INFORMATION_FORMAT = "dwarf-with-dsym";
				ENABLE_NS_ASSERTIONS = NO;
				ENABLE_STRICT_OBJC_MSGSEND = YES;
				GCC_C_LANGUAGE_STANDARD = gnu99;
				GCC_NO_COMMON_BLOCKS = YES;
				GCC_WARN_64_TO_32_BIT_CONVERSION = YES;
				GCC_WARN_ABOUT_RETURN_TYPE = YES_ERROR;
				GCC_WARN_UNDECLARED_SELECTOR = YES;
				GCC_WARN_UNINITIALIZED_AUTOS = YES_AGGRESSIVE;
				GCC_WARN_UNUSED_FUNCTION = YES;
				GCC_WARN_UNUSED_VARIABLE = YES;
				MACOSX_DEPLOYMENT_TARGET = 10.11;
				MTL_ENABLE_DEBUG_INFO = NO;
				SDKROOT = macosx;
			};
			name = Release;
		};
		C21C2ECF1C2048750095E9EF /* Debug */ = {
			isa = XCBuildConfiguration;
			buildSettings = {
				PRODUCT_NAME = "$(TARGET_NAME)";
			};
			name = Debug;
		};
		C21C2ED01C2048750095E9EF /* Release */ = {
			isa = XCBuildConfiguration;
			buildSettings = {
				PRODUCT_NAME = "$(TARGET_NAME)";
			};
			name = Release;
		};
/* End XCBuildConfiguration section */

/* Begin XCConfigurationList section */
		C21C2EC21C2048750095E9EF /* Build configuration list for PBXProject "OpenglTest1" */ = {
			isa = XCConfigurationList;
			buildConfigurations = (
				C21C2ECC1C2048750095E9EF /* Debug */,
				C21C2ECD1C2048750095E9EF /* Release */,
			);
			defaultConfigurationIsVisible = 0;
			defaultConfigurationName = Release;
		};
		C21C2ECE1C2048750095E9EF /* Build configuration list for PBXNativeTarget "OpenglTest1" */ = {
			isa = XCConfigurationList;
			buildConfigurations = (
				C21C2ECF1C2048750095E9EF /* Debug */,
				C21C2ED01C2048750095E9EF /* Release */,
			);
			defaultConfigurationIsVisible = 0;
		};
/* End XCConfigurationList section */
	};
	rootObject = C21C2EBF1C2048750095E9EF /* Project object */;
}
