
Microsoft Visual Studio Solution File, Format Version 12.00
# Visual Studio 2012
Project("{8BC9CEB8-8B4A-11D0-8D11-00A0C91BC942}") = "ConsoleApplication1", "ConsoleApplication1.vcxproj", "{0D6B2EF0-B77E-464C-9E66-1A13EDB40C97}"
EndProject
Global
	GlobalSection(SolutionConfigurationPlatforms) = preSolution
		Debug|Win32 = Debug|Win32
		Release|Win32 = Release|Win32
	EndGlobalSection
	GlobalSection(ProjectConfigurationPlatforms) = postSolution
		{0D6B2EF0-B77E-464C-9E66-1A13EDB40C97}.Debug|Win32.ActiveCfg = Debug|Win32
		{0D6B2EF0-B77E-464C-9E66-1A13EDB40C97}.Debug|Win32.Build.0 = Debug|Win32
		{0D6B2EF0-B77E-464C-9E66-1A13EDB40C97}.Release|Win32.ActiveCfg = Release|Win32
		{0D6B2EF0-B77E-464C-9E66-1A13EDB40C97}.Release|Win32.Build.0 = Release|Win32
	EndGlobalSection
	GlobalSection(SolutionProperties) = preSolution
		HideSolutionNode = FALSE
	EndGlobalSection
EndGlobal
