
Microsoft Visual Studio Solution File, Format Version 12.00
# Visual Studio 2012
Project("{8BC9CEB8-8B4A-11D0-8D11-00A0C91BC942}") = "OpenGL_HW1", "OpenGL_HW1\OpenGL_HW1.vcxproj", "{D66C139C-74D0-4FEF-82CD-C85F406401C4}"
EndProject
Global
	GlobalSection(SolutionConfigurationPlatforms) = preSolution
		Debug|Win32 = Debug|Win32
		Release|Win32 = Release|Win32
	EndGlobalSection
	GlobalSection(ProjectConfigurationPlatforms) = postSolution
		{D66C139C-74D0-4FEF-82CD-C85F406401C4}.Debug|Win32.ActiveCfg = Debug|Win32
		{D66C139C-74D0-4FEF-82CD-C85F406401C4}.Debug|Win32.Build.0 = Debug|Win32
		{D66C139C-74D0-4FEF-82CD-C85F406401C4}.Release|Win32.ActiveCfg = Release|Win32
		{D66C139C-74D0-4FEF-82CD-C85F406401C4}.Release|Win32.Build.0 = Release|Win32
	EndGlobalSection
	GlobalSection(SolutionProperties) = preSolution
		HideSolutionNode = FALSE
	EndGlobalSection
EndGlobal
