// !$*UTF8*$!
{
	archiveVersion = 1;
	classes = {
	};
	objectVersion = 46;
	objects = {

/* Begin PBXBuildFile section */
		C7488FEF1C14861A007DF1A5 /* main.cpp in Sources */ = {isa = PBXBuildFile; fileRef = C7488FEE1C14861A007DF1A5 /* main.cpp */; };
		C7488FF61C148627007DF1A5 /* GLUT.framework in Frameworks */ = {isa = PBXBuildFile; fileRef = C7488FF51C148627007DF1A5 /* GLUT.framework */; };
		C7488FF81C148631007DF1A5 /* OpenGL.framework in Frameworks */ = {isa = PBXBuildFile; fileRef = C7488FF71C148631007DF1A5 /* OpenGL.framework */; };
/* End PBXBuildFile section */

/* Begin PBXCopyFilesBuildPhase section */
		C7488FE91C14861A007DF1A5 /* CopyFiles */ = {
			isa = PBXCopyFilesBuildPhase;
			buildActionMask = 2147483647;
			dstPath = /usr/share/man/man1/;
			dstSubfolderSpec = 0;
			files = (
			);
			runOnlyForDeploymentPostprocessing = 1;
		};
/* End PBXCopyFilesBuildPhase section */

/* Begin PBXFileReference section */
		C7488FEB1C14861A007DF1A5 /* OpenGL_Homework01 */ = {isa = PBXFileReference; explicitFileType = "compiled.mach-o.executable"; includeInIndex = 0; path = OpenGL_Homework01; sourceTree = BUILT_PRODUCTS_DIR; };
		C7488FEE1C14861A007DF1A5 /* main.cpp */ = {isa = PBXFileReference; lastKnownFileType = sourcecode.cpp.cpp; path = main.cpp; sourceTree = "<group>"; };
		C7488FF51C148627007DF1A5 /* GLUT.framework */ = {isa = PBXFileReference; lastKnownFileType = wrapper.framework; name = GLUT.framework; path = System/Library/Frameworks/GLUT.framework; sourceTree = SDKROOT; };
		C7488FF71C148631007DF1A5 /* OpenGL.framework */ = {isa = PBXFileReference; lastKnownFileType = wrapper.framework; name = OpenGL.framework; path = System/Library/Frameworks/OpenGL.framework; sourceTree = SDKROOT; };
/* End PBXFileReference section */

/* Begin PBXFrameworksBuildPhase section */
		C7488FE81C14861A007DF1A5 /* Frameworks */ = {
			isa = PBXFrameworksBuildPhase;
			buildActionMask = 2147483647;
			files = (
				C7488FF81C148631007DF1A5 /* OpenGL.framework in Frameworks */,
				C7488FF61C148627007DF1A5 /* GLUT.framework in Frameworks */,
			);
			runOnlyForDeploymentPostprocessing = 0;
		};
/* End PBXFrameworksBuildPhase section */

/* Begin PBXGroup section */
		C7488FE21C14861A007DF1A5 = {
			isa = PBXGroup;
			children = (
				C7488FF71C148631007DF1A5 /* OpenGL.framework */,
				C7488FF51C148627007DF1A5 /* GLUT.framework */,
				C7488FED1C14861A007DF1A5 /* OpenGL_Homework01 */,
				C7488FEC1C14861A007DF1A5 /* Products */,
			);
			sourceTree = "<group>";
		};
		C7488FEC1C14861A007DF1A5 /* Products */ = {
			isa = PBXGroup;
			children = (
				C7488FEB1C14861A007DF1A5 /* OpenGL_Homework01 */,
			);
			name = Products;
			sourceTree = "<group>";
		};
		C7488FED1C14861A007DF1A5 /* OpenGL_Homework01 */ = {
			isa = PBXGroup;
			children = (
				C7488FEE1C14861A007DF1A5 /* main.cpp */,
			);
			path = OpenGL_Homework01;
			sourceTree = "<group>";
		};
/* End PBXGroup section */

/* Begin PBXNativeTarget section */
		C7488FEA1C14861A007DF1A5 /* OpenGL_Homework01 */ = {
			isa = PBXNativeTarget;
			buildConfigurationList = C7488FF21C14861A007DF1A5 /* Build configuration list for PBXNativeTarget "OpenGL_Homework01" */;
			buildPhases = (
				C7488FE71C14861A007DF1A5 /* Sources */,
				C7488FE81C14861A007DF1A5 /* Frameworks */,
				C7488FE91C14861A007DF1A5 /* CopyFiles */,
			);
			buildRules = (
			);
			dependencies = (
			);
			name = OpenGL_Homework01;
			productName = OpenGL_Homework01;
			productReference = C7488FEB1C14861A007DF1A5 /* OpenGL_Homework01 */;
			productType = "com.apple.product-type.tool";
		};
/* End PBXNativeTarget section */

/* Begin PBXProject section */
		C7488FE31C14861A007DF1A5 /* Project object */ = {
			isa = PBXProject;
			attributes = {
				LastUpgradeCheck = 0710;
				ORGANIZATIONNAME = "赖溢洲";
				TargetAttributes = {
					C7488FEA1C14861A007DF1A5 = {
						CreatedOnToolsVersion = 7.1;
					};
				};
			};
			buildConfigurationList = C7488FE61C14861A007DF1A5 /* Build configuration list for PBXProject "OpenGL_Homework01" */;
			compatibilityVersion = "Xcode 3.2";
			developmentRegion = English;
			hasScannedForEncodings = 0;
			knownRegions = (
				en,
			);
			mainGroup = C7488FE21C14861A007DF1A5;
			productRefGroup = C7488FEC1C14861A007DF1A5 /* Products */;
			projectDirPath = "";
			projectRoot = "";
			targets = (
				C7488FEA1C14861A007DF1A5 /* OpenGL_Homework01 */,
			);
		};
/* End PBXProject section */

/* Begin PBXSourcesBuildPhase section */
		C7488FE71C14861A007DF1A5 /* Sources */ = {
			isa = PBXSourcesBuildPhase;
			buildActionMask = 2147483647;
			files = (
				C7488FEF1C14861A007DF1A5 /* main.cpp in Sources */,
			);
			runOnlyForDeploymentPostprocessing = 0;
		};
/* End PBXSourcesBuildPhase section */

/* Begin XCBuildConfiguration section */
		C7488FF01C14861A007DF1A5 /* Debug */ = {
			isa = XCBuildConfiguration;
			buildSettings = {
				ALWAYS_SEARCH_USER_PATHS = NO;
				CLANG_CXX_LANGUAGE_STANDARD = "gnu++0x";
				CLANG_CXX_LIBRARY = "libc++";
				CLANG_ENABLE_MODULES = YES;
				CLANG_ENABLE_OBJC_ARC = YES;
				CLANG_WARN_BOOL_CONVERSION = YES;
				CLANG_WARN_CONSTANT_CONVERSION = YES;
				CLANG_WARN_DIRECT_OBJC_ISA_USAGE = YES_ERROR;
				CLANG_WARN_EMPTY_BODY = YES;
				CLANG_WARN_ENUM_CONVERSION = YES;
				CLANG_WARN_INT_CONVERSION = YES;
				CLANG_WARN_OBJC_ROOT_CLASS = YES_ERROR;
				CLANG_WARN_UNREACHABLE_CODE = YES;
				CLANG_WARN__DUPLICATE_METHOD_MATCH = YES;
				CODE_SIGN_IDENTITY = "-";
				COPY_PHASE_STRIP = NO;
				DEBUG_INFORMATION_FORMAT = dwarf;
				ENABLE_STRICT_OBJC_MSGSEND = YES;
				ENABLE_TESTABILITY = YES;
				GCC_C_LANGUAGE_STANDARD = gnu99;
				GCC_DYNAMIC_NO_PIC = NO;
				GCC_NO_COMMON_BLOCKS = YES;
				GCC_OPTIMIZATION_LEVEL = 0;
				GCC_PREPROCESSOR_DEFINITIONS = (
					"DEBUG=1",
					"$(inherited)",
				);
				GCC_WARN_64_TO_32_BIT_CONVERSION = YES;
				GCC_WARN_ABOUT_RETURN_TYPE = YES_ERROR;
				GCC_WARN_UNDECLARED_SELECTOR = YES;
				GCC_WARN_UNINITIALIZED_AUTOS = YES_AGGRESSIVE;
				GCC_WARN_UNUSED_FUNCTION = YES;
				GCC_WARN_UNUSED_VARIABLE = YES;
				MACOSX_DEPLOYMENT_TARGET = 10.11;
				MTL_ENABLE_DEBUG_INFO = YES;
				ONLY_ACTIVE_ARCH = YES;
				SDKROOT = macosx;
			};
			name = Debug;
		};
		C7488FF11C14861A007DF1A5 /* Release */ = {
			isa = XCBuildConfiguration;
			buildSettings = {
				ALWAYS_SEARCH_USER_PATHS = NO;
				CLANG_CXX_LANGUAGE_STANDARD = "gnu++0x";
				CLANG_CXX_LIBRARY = "libc++";
				CLANG_ENABLE_MODULES = YES;
				CLANG_ENABLE_OBJC_ARC = YES;
				CLANG_WARN_BOOL_CONVERSION = YES;
				CLANG_WARN_CONSTANT_CONVERSION = YES;
				CLANG_WARN_DIRECT_OBJC_ISA_USAGE = YES_ERROR;
				CLANG_WARN_EMPTY_BODY = YES;
				CLANG_WARN_ENUM_CONVERSION = YES;
				CLANG_WARN_INT_CONVERSION = YES;
				CLANG_WARN_OBJC_ROOT_CLASS = YES_ERROR;
				CLANG_WARN_UNREACHABLE_CODE = YES;
				CLANG_WARN__DUPLICATE_METHOD_MATCH = YES;
				CODE_SIGN_IDENTITY = "-";
				COPY_PHASE_STRIP = NO;
				DEBUG_INFORMATION_FORMAT = "dwarf-with-dsym";
				ENABLE_NS_ASSERTIONS = NO;
				ENABLE_STRICT_OBJC_MSGSEND = YES;
				GCC_C_LANGUAGE_STANDARD = gnu99;
				GCC_NO_COMMON_BLOCKS = YES;
				GCC_WARN_64_TO_32_BIT_CONVERSION = YES;
				GCC_WARN_ABOUT_RETURN_TYPE = YES_ERROR;
				GCC_WARN_UNDECLARED_SELECTOR = YES;
				GCC_WARN_UNINITIALIZED_AUTOS = YES_AGGRESSIVE;
				GCC_WARN_UNUSED_FUNCTION = YES;
				GCC_WARN_UNUSED_VARIABLE = YES;
				MACOSX_DEPLOYMENT_TARGET = 10.11;
				MTL_ENABLE_DEBUG_INFO = NO;
				SDKROOT = macosx;
			};
			name = Release;
		};
		C7488FF31C14861A007DF1A5 /* Debug */ = {
			isa = XCBuildConfiguration;
			buildSettings = {
				PRODUCT_NAME = "$(TARGET_NAME)";
			};
			name = Debug;
		};
		C7488FF41C14861A007DF1A5 /* Release */ = {
			isa = XCBuildConfiguration;
			buildSettings = {
				PRODUCT_NAME = "$(TARGET_NAME)";
			};
			name = Release;
		};
/* End XCBuildConfiguration section */

/* Begin XCConfigurationList section */
		C7488FE61C14861A007DF1A5 /* Build configuration list for PBXProject "OpenGL_Homework01" */ = {
			isa = XCConfigurationList;
			buildConfigurations = (
				C7488FF01C14861A007DF1A5 /* Debug */,
				C7488FF11C14861A007DF1A5 /* Release */,
			);
			defaultConfigurationIsVisible = 0;
			defaultConfigurationName = Release;
		};
		C7488FF21C14861A007DF1A5 /* Build configuration list for PBXNativeTarget "OpenGL_Homework01" */ = {
			isa = XCConfigurationList;
			buildConfigurations = (
				C7488FF31C14861A007DF1A5 /* Debug */,
				C7488FF41C14861A007DF1A5 /* Release */,
			);
			defaultConfigurationIsVisible = 0;
		};
/* End XCConfigurationList section */
	};
	rootObject = C7488FE31C14861A007DF1A5 /* Project object */;
}
