// !$*UTF8*$!
{
	archiveVersion = 1;
	classes = {
	};
	objectVersion = 46;
	objects = {

/* Begin PBXBuildFile section */
		190EC6C51C1423A000C04A15 /* main.cpp in Sources */ = {isa = PBXBuildFile; fileRef = 190EC6C41C1423A000C04A15 /* main.cpp */; };
		190EC6CC1C1423B500C04A15 /* OpenGL.framework in Frameworks */ = {isa = PBXBuildFile; fileRef = 190EC6CB1C1423B500C04A15 /* OpenGL.framework */; };
		190EC6CE1C1423BC00C04A15 /* GLUT.framework in Frameworks */ = {isa = PBXBuildFile; fileRef = 190EC6CD1C1423BC00C04A15 /* GLUT.framework */; };
/* End PBXBuildFile section */

/* Begin PBXCopyFilesBuildPhase section */
		190EC6BF1C1423A000C04A15 /* CopyFiles */ = {
			isa = PBXCopyFilesBuildPhase;
			buildActionMask = 2147483647;
			dstPath = /usr/share/man/man1/;
			dstSubfolderSpec = 0;
			files = (
			);
			runOnlyForDeploymentPostprocessing = 1;
		};
/* End PBXCopyFilesBuildPhase section */

/* Begin PBXFileReference section */
		190EC6C11C1423A000C04A15 /* OpenGLHomeWork1 */ = {isa = PBXFileReference; explicitFileType = "compiled.mach-o.executable"; includeInIndex = 0; path = OpenGLHomeWork1; sourceTree = BUILT_PRODUCTS_DIR; };
		190EC6C41C1423A000C04A15 /* main.cpp */ = {isa = PBXFileReference; lastKnownFileType = sourcecode.cpp.cpp; path = main.cpp; sourceTree = "<group>"; };
		190EC6CB1C1423B500C04A15 /* OpenGL.framework */ = {isa = PBXFileReference; lastKnownFileType = wrapper.framework; name = OpenGL.framework; path = System/Library/Frameworks/OpenGL.framework; sourceTree = SDKROOT; };
		190EC6CD1C1423BC00C04A15 /* GLUT.framework */ = {isa = PBXFileReference; lastKnownFileType = wrapper.framework; name = GLUT.framework; path = System/Library/Frameworks/GLUT.framework; sourceTree = SDKROOT; };
/* End PBXFileReference section */

/* Begin PBXFrameworksBuildPhase section */
		190EC6BE1C1423A000C04A15 /* Frameworks */ = {
			isa = PBXFrameworksBuildPhase;
			buildActionMask = 2147483647;
			files = (
				190EC6CE1C1423BC00C04A15 /* GLUT.framework in Frameworks */,
				190EC6CC1C1423B500C04A15 /* OpenGL.framework in Frameworks */,
			);
			runOnlyForDeploymentPostprocessing = 0;
		};
/* End PBXFrameworksBuildPhase section */

/* Begin PBXGroup section */
		190EC6B81C1423A000C04A15 = {
			isa = PBXGroup;
			children = (
				190EC6CD1C1423BC00C04A15 /* GLUT.framework */,
				190EC6CB1C1423B500C04A15 /* OpenGL.framework */,
				190EC6C31C1423A000C04A15 /* OpenGLHomeWork1 */,
				190EC6C21C1423A000C04A15 /* Products */,
			);
			sourceTree = "<group>";
		};
		190EC6C21C1423A000C04A15 /* Products */ = {
			isa = PBXGroup;
			children = (
				190EC6C11C1423A000C04A15 /* OpenGLHomeWork1 */,
			);
			name = Products;
			sourceTree = "<group>";
		};
		190EC6C31C1423A000C04A15 /* OpenGLHomeWork1 */ = {
			isa = PBXGroup;
			children = (
				190EC6C41C1423A000C04A15 /* main.cpp */,
			);
			path = OpenGLHomeWork1;
			sourceTree = "<group>";
		};
/* End PBXGroup section */

/* Begin PBXNativeTarget section */
		190EC6C01C1423A000C04A15 /* OpenGLHomeWork1 */ = {
			isa = PBXNativeTarget;
			buildConfigurationList = 190EC6C81C1423A000C04A15 /* Build configuration list for PBXNativeTarget "OpenGLHomeWork1" */;
			buildPhases = (
				190EC6BD1C1423A000C04A15 /* Sources */,
				190EC6BE1C1423A000C04A15 /* Frameworks */,
				190EC6BF1C1423A000C04A15 /* CopyFiles */,
			);
			buildRules = (
			);
			dependencies = (
			);
			name = OpenGLHomeWork1;
			productName = OpenGLHomeWork1;
			productReference = 190EC6C11C1423A000C04A15 /* OpenGLHomeWork1 */;
			productType = "com.apple.product-type.tool";
		};
/* End PBXNativeTarget section */

/* Begin PBXProject section */
		190EC6B91C1423A000C04A15 /* Project object */ = {
			isa = PBXProject;
			attributes = {
				LastUpgradeCheck = 0710;
				ORGANIZATIONNAME = "张焕";
				TargetAttributes = {
					190EC6C01C1423A000C04A15 = {
						CreatedOnToolsVersion = 7.1;
					};
				};
			};
			buildConfigurationList = 190EC6BC1C1423A000C04A15 /* Build configuration list for PBXProject "OpenGLHomeWork1" */;
			compatibilityVersion = "Xcode 3.2";
			developmentRegion = English;
			hasScannedForEncodings = 0;
			knownRegions = (
				en,
			);
			mainGroup = 190EC6B81C1423A000C04A15;
			productRefGroup = 190EC6C21C1423A000C04A15 /* Products */;
			projectDirPath = "";
			projectRoot = "";
			targets = (
				190EC6C01C1423A000C04A15 /* OpenGLHomeWork1 */,
			);
		};
/* End PBXProject section */

/* Begin PBXSourcesBuildPhase section */
		190EC6BD1C1423A000C04A15 /* Sources */ = {
			isa = PBXSourcesBuildPhase;
			buildActionMask = 2147483647;
			files = (
				190EC6C51C1423A000C04A15 /* main.cpp in Sources */,
			);
			runOnlyForDeploymentPostprocessing = 0;
		};
/* End PBXSourcesBuildPhase section */

/* Begin XCBuildConfiguration section */
		190EC6C61C1423A000C04A15 /* Debug */ = {
			isa = XCBuildConfiguration;
			buildSettings = {
				ALWAYS_SEARCH_USER_PATHS = NO;
				CLANG_CXX_LANGUAGE_STANDARD = "gnu++0x";
				CLANG_CXX_LIBRARY = "libc++";
				CLANG_ENABLE_MODULES = YES;
				CLANG_ENABLE_OBJC_ARC = YES;
				CLANG_WARN_BOOL_CONVERSION = YES;
				CLANG_WARN_CONSTANT_CONVERSION = YES;
				CLANG_WARN_DIRECT_OBJC_ISA_USAGE = YES_ERROR;
				CLANG_WARN_EMPTY_BODY = YES;
				CLANG_WARN_ENUM_CONVERSION = YES;
				CLANG_WARN_INT_CONVERSION = YES;
				CLANG_WARN_OBJC_ROOT_CLASS = YES_ERROR;
				CLANG_WARN_UNREACHABLE_CODE = YES;
				CLANG_WARN__DUPLICATE_METHOD_MATCH = YES;
				CODE_SIGN_IDENTITY = "-";
				COPY_PHASE_STRIP = NO;
				DEBUG_INFORMATION_FORMAT = dwarf;
				ENABLE_STRICT_OBJC_MSGSEND = YES;
				ENABLE_TESTABILITY = YES;
				GCC_C_LANGUAGE_STANDARD = gnu99;
				GCC_DYNAMIC_NO_PIC = NO;
				GCC_NO_COMMON_BLOCKS = YES;
				GCC_OPTIMIZATION_LEVEL = 0;
				GCC_PREPROCESSOR_DEFINITIONS = (
					"DEBUG=1",
					"$(inherited)",
				);
				GCC_WARN_64_TO_32_BIT_CONVERSION = YES;
				GCC_WARN_ABOUT_RETURN_TYPE = YES_ERROR;
				GCC_WARN_UNDECLARED_SELECTOR = YES;
				GCC_WARN_UNINITIALIZED_AUTOS = YES_AGGRESSIVE;
				GCC_WARN_UNUSED_FUNCTION = YES;
				GCC_WARN_UNUSED_VARIABLE = YES;
				MACOSX_DEPLOYMENT_TARGET = 10.11;
				MTL_ENABLE_DEBUG_INFO = YES;
				ONLY_ACTIVE_ARCH = YES;
				SDKROOT = macosx;
			};
			name = Debug;
		};
		190EC6C71C1423A000C04A15 /* Release */ = {
			isa = XCBuildConfiguration;
			buildSettings = {
				ALWAYS_SEARCH_USER_PATHS = NO;
				CLANG_CXX_LANGUAGE_STANDARD = "gnu++0x";
				CLANG_CXX_LIBRARY = "libc++";
				CLANG_ENABLE_MODULES = YES;
				CLANG_ENABLE_OBJC_ARC = YES;
				CLANG_WARN_BOOL_CONVERSION = YES;
				CLANG_WARN_CONSTANT_CONVERSION = YES;
				CLANG_WARN_DIRECT_OBJC_ISA_USAGE = YES_ERROR;
				CLANG_WARN_EMPTY_BODY = YES;
				CLANG_WARN_ENUM_CONVERSION = YES;
				CLANG_WARN_INT_CONVERSION = YES;
				CLANG_WARN_OBJC_ROOT_CLASS = YES_ERROR;
				CLANG_WARN_UNREACHABLE_CODE = YES;
				CLANG_WARN__DUPLICATE_METHOD_MATCH = YES;
				CODE_SIGN_IDENTITY = "-";
				COPY_PHASE_STRIP = NO;
				DEBUG_INFORMATION_FORMAT = "dwarf-with-dsym";
				ENABLE_NS_ASSERTIONS = NO;
				ENABLE_STRICT_OBJC_MSGSEND = YES;
				GCC_C_LANGUAGE_STANDARD = gnu99;
				GCC_NO_COMMON_BLOCKS = YES;
				GCC_WARN_64_TO_32_BIT_CONVERSION = YES;
				GCC_WARN_ABOUT_RETURN_TYPE = YES_ERROR;
				GCC_WARN_UNDECLARED_SELECTOR = YES;
				GCC_WARN_UNINITIALIZED_AUTOS = YES_AGGRESSIVE;
				GCC_WARN_UNUSED_FUNCTION = YES;
				GCC_WARN_UNUSED_VARIABLE = YES;
				MACOSX_DEPLOYMENT_TARGET = 10.11;
				MTL_ENABLE_DEBUG_INFO = NO;
				SDKROOT = macosx;
			};
			name = Release;
		};
		190EC6C91C1423A000C04A15 /* Debug */ = {
			isa = XCBuildConfiguration;
			buildSettings = {
				PRODUCT_NAME = "$(TARGET_NAME)";
			};
			name = Debug;
		};
		190EC6CA1C1423A000C04A15 /* Release */ = {
			isa = XCBuildConfiguration;
			buildSettings = {
				PRODUCT_NAME = "$(TARGET_NAME)";
			};
			name = Release;
		};
/* End XCBuildConfiguration section */

/* Begin XCConfigurationList section */
		190EC6BC1C1423A000C04A15 /* Build configuration list for PBXProject "OpenGLHomeWork1" */ = {
			isa = XCConfigurationList;
			buildConfigurations = (
				190EC6C61C1423A000C04A15 /* Debug */,
				190EC6C71C1423A000C04A15 /* Release */,
			);
			defaultConfigurationIsVisible = 0;
			defaultConfigurationName = Release;
		};
		190EC6C81C1423A000C04A15 /* Build configuration list for PBXNativeTarget "OpenGLHomeWork1" */ = {
			isa = XCConfigurationList;
			buildConfigurations = (
				190EC6C91C1423A000C04A15 /* Debug */,
				190EC6CA1C1423A000C04A15 /* Release */,
			);
			defaultConfigurationIsVisible = 0;
		};
/* End XCConfigurationList section */
	};
	rootObject = 190EC6B91C1423A000C04A15 /* Project object */;
}
