// !$*UTF8*$!
{
	archiveVersion = 1;
	classes = {
	};
	objectVersion = 46;
	objects = {

/* Begin PBXBuildFile section */
		C3C4F28B1C1D86D900A9A7FE /* main.cpp in Sources */ = {isa = PBXBuildFile; fileRef = C3C4F28A1C1D86D900A9A7FE /* main.cpp */; };
		C3C4F2921C1D86ED00A9A7FE /* OpenGL.framework in Frameworks */ = {isa = PBXBuildFile; fileRef = C3C4F2911C1D86ED00A9A7FE /* OpenGL.framework */; };
		C3C4F2941C1D86F800A9A7FE /* GLUT.framework in Frameworks */ = {isa = PBXBuildFile; fileRef = C3C4F2931C1D86F800A9A7FE /* GLUT.framework */; };
/* End PBXBuildFile section */

/* Begin PBXCopyFilesBuildPhase section */
		C3C4F2851C1D86D900A9A7FE /* CopyFiles */ = {
			isa = PBXCopyFilesBuildPhase;
			buildActionMask = 2147483647;
			dstPath = /usr/share/man/man1/;
			dstSubfolderSpec = 0;
			files = (
			);
			runOnlyForDeploymentPostprocessing = 1;
		};
/* End PBXCopyFilesBuildPhase section */

/* Begin PBXFileReference section */
		C3C4F2871C1D86D900A9A7FE /* TestOne */ = {isa = PBXFileReference; explicitFileType = "compiled.mach-o.executable"; includeInIndex = 0; path = TestOne; sourceTree = BUILT_PRODUCTS_DIR; };
		C3C4F28A1C1D86D900A9A7FE /* main.cpp */ = {isa = PBXFileReference; lastKnownFileType = sourcecode.cpp.cpp; path = main.cpp; sourceTree = "<group>"; };
		C3C4F2911C1D86ED00A9A7FE /* OpenGL.framework */ = {isa = PBXFileReference; lastKnownFileType = wrapper.framework; name = OpenGL.framework; path = System/Library/Frameworks/OpenGL.framework; sourceTree = SDKROOT; };
		C3C4F2931C1D86F800A9A7FE /* GLUT.framework */ = {isa = PBXFileReference; lastKnownFileType = wrapper.framework; name = GLUT.framework; path = System/Library/Frameworks/GLUT.framework; sourceTree = SDKROOT; };
/* End PBXFileReference section */

/* Begin PBXFrameworksBuildPhase section */
		C3C4F2841C1D86D900A9A7FE /* Frameworks */ = {
			isa = PBXFrameworksBuildPhase;
			buildActionMask = 2147483647;
			files = (
				C3C4F2941C1D86F800A9A7FE /* GLUT.framework in Frameworks */,
				C3C4F2921C1D86ED00A9A7FE /* OpenGL.framework in Frameworks */,
			);
			runOnlyForDeploymentPostprocessing = 0;
		};
/* End PBXFrameworksBuildPhase section */

/* Begin PBXGroup section */
		C3C4F27E1C1D86D900A9A7FE = {
			isa = PBXGroup;
			children = (
				C3C4F2931C1D86F800A9A7FE /* GLUT.framework */,
				C3C4F2911C1D86ED00A9A7FE /* OpenGL.framework */,
				C3C4F2891C1D86D900A9A7FE /* TestOne */,
				C3C4F2881C1D86D900A9A7FE /* Products */,
			);
			sourceTree = "<group>";
		};
		C3C4F2881C1D86D900A9A7FE /* Products */ = {
			isa = PBXGroup;
			children = (
				C3C4F2871C1D86D900A9A7FE /* TestOne */,
			);
			name = Products;
			sourceTree = "<group>";
		};
		C3C4F2891C1D86D900A9A7FE /* TestOne */ = {
			isa = PBXGroup;
			children = (
				C3C4F28A1C1D86D900A9A7FE /* main.cpp */,
			);
			path = TestOne;
			sourceTree = "<group>";
		};
/* End PBXGroup section */

/* Begin PBXNativeTarget section */
		C3C4F2861C1D86D900A9A7FE /* TestOne */ = {
			isa = PBXNativeTarget;
			buildConfigurationList = C3C4F28E1C1D86D900A9A7FE /* Build configuration list for PBXNativeTarget "TestOne" */;
			buildPhases = (
				C3C4F2831C1D86D900A9A7FE /* Sources */,
				C3C4F2841C1D86D900A9A7FE /* Frameworks */,
				C3C4F2851C1D86D900A9A7FE /* CopyFiles */,
			);
			buildRules = (
			);
			dependencies = (
			);
			name = TestOne;
			productName = TestOne;
			productReference = C3C4F2871C1D86D900A9A7FE /* TestOne */;
			productType = "com.apple.product-type.tool";
		};
/* End PBXNativeTarget section */

/* Begin PBXProject section */
		C3C4F27F1C1D86D900A9A7FE /* Project object */ = {
			isa = PBXProject;
			attributes = {
				LastUpgradeCheck = 0720;
				ORGANIZATIONNAME = gongzhentao;
				TargetAttributes = {
					C3C4F2861C1D86D900A9A7FE = {
						CreatedOnToolsVersion = 7.2;
					};
				};
			};
			buildConfigurationList = C3C4F2821C1D86D900A9A7FE /* Build configuration list for PBXProject "TestOne" */;
			compatibilityVersion = "Xcode 3.2";
			developmentRegion = English;
			hasScannedForEncodings = 0;
			knownRegions = (
				en,
			);
			mainGroup = C3C4F27E1C1D86D900A9A7FE;
			productRefGroup = C3C4F2881C1D86D900A9A7FE /* Products */;
			projectDirPath = "";
			projectRoot = "";
			targets = (
				C3C4F2861C1D86D900A9A7FE /* TestOne */,
			);
		};
/* End PBXProject section */

/* Begin PBXSourcesBuildPhase section */
		C3C4F2831C1D86D900A9A7FE /* Sources */ = {
			isa = PBXSourcesBuildPhase;
			buildActionMask = 2147483647;
			files = (
				C3C4F28B1C1D86D900A9A7FE /* main.cpp in Sources */,
			);
			runOnlyForDeploymentPostprocessing = 0;
		};
/* End PBXSourcesBuildPhase section */

/* Begin XCBuildConfiguration section */
		C3C4F28C1C1D86D900A9A7FE /* Debug */ = {
			isa = XCBuildConfiguration;
			buildSettings = {
				ALWAYS_SEARCH_USER_PATHS = NO;
				CLANG_CXX_LANGUAGE_STANDARD = "gnu++0x";
				CLANG_CXX_LIBRARY = "libc++";
				CLANG_ENABLE_MODULES = YES;
				CLANG_ENABLE_OBJC_ARC = YES;
				CLANG_WARN_BOOL_CONVERSION = YES;
				CLANG_WARN_CONSTANT_CONVERSION = YES;
				CLANG_WARN_DIRECT_OBJC_ISA_USAGE = YES_ERROR;
				CLANG_WARN_EMPTY_BODY = YES;
				CLANG_WARN_ENUM_CONVERSION = YES;
				CLANG_WARN_INT_CONVERSION = YES;
				CLANG_WARN_OBJC_ROOT_CLASS = YES_ERROR;
				CLANG_WARN_UNREACHABLE_CODE = YES;
				CLANG_WARN__DUPLICATE_METHOD_MATCH = YES;
				CODE_SIGN_IDENTITY = "-";
				COPY_PHASE_STRIP = NO;
				DEBUG_INFORMATION_FORMAT = dwarf;
				ENABLE_STRICT_OBJC_MSGSEND = YES;
				ENABLE_TESTABILITY = YES;
				GCC_C_LANGUAGE_STANDARD = gnu99;
				GCC_DYNAMIC_NO_PIC = NO;
				GCC_NO_COMMON_BLOCKS = YES;
				GCC_OPTIMIZATION_LEVEL = 0;
				GCC_PREPROCESSOR_DEFINITIONS = (
					"DEBUG=1",
					"$(inherited)",
				);
				GCC_WARN_64_TO_32_BIT_CONVERSION = YES;
				GCC_WARN_ABOUT_RETURN_TYPE = YES_ERROR;
				GCC_WARN_UNDECLARED_SELECTOR = YES;
				GCC_WARN_UNINITIALIZED_AUTOS = YES_AGGRESSIVE;
				GCC_WARN_UNUSED_FUNCTION = YES;
				GCC_WARN_UNUSED_VARIABLE = YES;
				MACOSX_DEPLOYMENT_TARGET = 10.11;
				MTL_ENABLE_DEBUG_INFO = YES;
				ONLY_ACTIVE_ARCH = YES;
				SDKROOT = macosx;
			};
			name = Debug;
		};
		C3C4F28D1C1D86D900A9A7FE /* Release */ = {
			isa = XCBuildConfiguration;
			buildSettings = {
				ALWAYS_SEARCH_USER_PATHS = NO;
				CLANG_CXX_LANGUAGE_STANDARD = "gnu++0x";
				CLANG_CXX_LIBRARY = "libc++";
				CLANG_ENABLE_MODULES = YES;
				CLANG_ENABLE_OBJC_ARC = YES;
				CLANG_WARN_BOOL_CONVERSION = YES;
				CLANG_WARN_CONSTANT_CONVERSION = YES;
				CLANG_WARN_DIRECT_OBJC_ISA_USAGE = YES_ERROR;
				CLANG_WARN_EMPTY_BODY = YES;
				CLANG_WARN_ENUM_CONVERSION = YES;
				CLANG_WARN_INT_CONVERSION = YES;
				CLANG_WARN_OBJC_ROOT_CLASS = YES_ERROR;
				CLANG_WARN_UNREACHABLE_CODE = YES;
				CLANG_WARN__DUPLICATE_METHOD_MATCH = YES;
				CODE_SIGN_IDENTITY = "-";
				COPY_PHASE_STRIP = NO;
				DEBUG_INFORMATION_FORMAT = "dwarf-with-dsym";
				ENABLE_NS_ASSERTIONS = NO;
				ENABLE_STRICT_OBJC_MSGSEND = YES;
				GCC_C_LANGUAGE_STANDARD = gnu99;
				GCC_NO_COMMON_BLOCKS = YES;
				GCC_WARN_64_TO_32_BIT_CONVERSION = YES;
				GCC_WARN_ABOUT_RETURN_TYPE = YES_ERROR;
				GCC_WARN_UNDECLARED_SELECTOR = YES;
				GCC_WARN_UNINITIALIZED_AUTOS = YES_AGGRESSIVE;
				GCC_WARN_UNUSED_FUNCTION = YES;
				GCC_WARN_UNUSED_VARIABLE = YES;
				MACOSX_DEPLOYMENT_TARGET = 10.11;
				MTL_ENABLE_DEBUG_INFO = NO;
				SDKROOT = macosx;
			};
			name = Release;
		};
		C3C4F28F1C1D86D900A9A7FE /* Debug */ = {
			isa = XCBuildConfiguration;
			buildSettings = {
				PRODUCT_NAME = "$(TARGET_NAME)";
			};
			name = Debug;
		};
		C3C4F2901C1D86D900A9A7FE /* Release */ = {
			isa = XCBuildConfiguration;
			buildSettings = {
				PRODUCT_NAME = "$(TARGET_NAME)";
			};
			name = Release;
		};
/* End XCBuildConfiguration section */

/* Begin XCConfigurationList section */
		C3C4F2821C1D86D900A9A7FE /* Build configuration list for PBXProject "TestOne" */ = {
			isa = XCConfigurationList;
			buildConfigurations = (
				C3C4F28C1C1D86D900A9A7FE /* Debug */,
				C3C4F28D1C1D86D900A9A7FE /* Release */,
			);
			defaultConfigurationIsVisible = 0;
			defaultConfigurationName = Release;
		};
		C3C4F28E1C1D86D900A9A7FE /* Build configuration list for PBXNativeTarget "TestOne" */ = {
			isa = XCConfigurationList;
			buildConfigurations = (
				C3C4F28F1C1D86D900A9A7FE /* Debug */,
				C3C4F2901C1D86D900A9A7FE /* Release */,
			);
			defaultConfigurationIsVisible = 0;
		};
/* End XCConfigurationList section */
	};
	rootObject = C3C4F27F1C1D86D900A9A7FE /* Project object */;
}
