// !$*UTF8*$!
{
	archiveVersion = 1;
	classes = {
	};
	objectVersion = 46;
	objects = {

/* Begin PBXBuildFile section */
		96CF7F6A1C1EEDCD004B4D0E /* OpenGL.framework in Frameworks */ = {isa = PBXBuildFile; fileRef = 96CF7F691C1EEDCD004B4D0E /* OpenGL.framework */; };
		96CF7F6C1C1EEDD6004B4D0E /* GLUT.framework in Frameworks */ = {isa = PBXBuildFile; fileRef = 96CF7F6B1C1EEDD6004B4D0E /* GLUT.framework */; };
		96CF7F6F1C1EEFBA004B4D0E /* main.cpp in Sources */ = {isa = PBXBuildFile; fileRef = 96CF7F6D1C1EEFBA004B4D0E /* main.cpp */; };
/* End PBXBuildFile section */

/* Begin PBXCopyFilesBuildPhase section */
		96CF7F5D1C1EED80004B4D0E /* CopyFiles */ = {
			isa = PBXCopyFilesBuildPhase;
			buildActionMask = 2147483647;
			dstPath = /usr/share/man/man1/;
			dstSubfolderSpec = 0;
			files = (
			);
			runOnlyForDeploymentPostprocessing = 1;
		};
/* End PBXCopyFilesBuildPhase section */

/* Begin PBXFileReference section */
		96CF7F5F1C1EED80004B4D0E /* op1 */ = {isa = PBXFileReference; explicitFileType = "compiled.mach-o.executable"; includeInIndex = 0; path = op1; sourceTree = BUILT_PRODUCTS_DIR; };
		96CF7F691C1EEDCD004B4D0E /* OpenGL.framework */ = {isa = PBXFileReference; lastKnownFileType = wrapper.framework; name = OpenGL.framework; path = System/Library/Frameworks/OpenGL.framework; sourceTree = SDKROOT; };
		96CF7F6B1C1EEDD6004B4D0E /* GLUT.framework */ = {isa = PBXFileReference; lastKnownFileType = wrapper.framework; name = GLUT.framework; path = System/Library/Frameworks/GLUT.framework; sourceTree = SDKROOT; };
		96CF7F6D1C1EEFBA004B4D0E /* main.cpp */ = {isa = PBXFileReference; fileEncoding = 4; lastKnownFileType = sourcecode.cpp.cpp; path = main.cpp; sourceTree = "<group>"; };
/* End PBXFileReference section */

/* Begin PBXFrameworksBuildPhase section */
		96CF7F5C1C1EED80004B4D0E /* Frameworks */ = {
			isa = PBXFrameworksBuildPhase;
			buildActionMask = 2147483647;
			files = (
				96CF7F6C1C1EEDD6004B4D0E /* GLUT.framework in Frameworks */,
				96CF7F6A1C1EEDCD004B4D0E /* OpenGL.framework in Frameworks */,
			);
			runOnlyForDeploymentPostprocessing = 0;
		};
/* End PBXFrameworksBuildPhase section */

/* Begin PBXGroup section */
		96CF7F561C1EED80004B4D0E = {
			isa = PBXGroup;
			children = (
				96CF7F6B1C1EEDD6004B4D0E /* GLUT.framework */,
				96CF7F691C1EEDCD004B4D0E /* OpenGL.framework */,
				96CF7F611C1EED80004B4D0E /* op1 */,
				96CF7F601C1EED80004B4D0E /* Products */,
			);
			sourceTree = "<group>";
		};
		96CF7F601C1EED80004B4D0E /* Products */ = {
			isa = PBXGroup;
			children = (
				96CF7F5F1C1EED80004B4D0E /* op1 */,
			);
			name = Products;
			sourceTree = "<group>";
		};
		96CF7F611C1EED80004B4D0E /* op1 */ = {
			isa = PBXGroup;
			children = (
				96CF7F6D1C1EEFBA004B4D0E /* main.cpp */,
			);
			path = op1;
			sourceTree = "<group>";
		};
/* End PBXGroup section */

/* Begin PBXNativeTarget section */
		96CF7F5E1C1EED80004B4D0E /* op1 */ = {
			isa = PBXNativeTarget;
			buildConfigurationList = 96CF7F661C1EED80004B4D0E /* Build configuration list for PBXNativeTarget "op1" */;
			buildPhases = (
				96CF7F5B1C1EED80004B4D0E /* Sources */,
				96CF7F5C1C1EED80004B4D0E /* Frameworks */,
				96CF7F5D1C1EED80004B4D0E /* CopyFiles */,
			);
			buildRules = (
			);
			dependencies = (
			);
			name = op1;
			productName = op1;
			productReference = 96CF7F5F1C1EED80004B4D0E /* op1 */;
			productType = "com.apple.product-type.tool";
		};
/* End PBXNativeTarget section */

/* Begin PBXProject section */
		96CF7F571C1EED80004B4D0E /* Project object */ = {
			isa = PBXProject;
			attributes = {
				LastUpgradeCheck = 0720;
				ORGANIZATIONNAME = "天天 龚";
				TargetAttributes = {
					96CF7F5E1C1EED80004B4D0E = {
						CreatedOnToolsVersion = 7.2;
					};
				};
			};
			buildConfigurationList = 96CF7F5A1C1EED80004B4D0E /* Build configuration list for PBXProject "op1" */;
			compatibilityVersion = "Xcode 3.2";
			developmentRegion = English;
			hasScannedForEncodings = 0;
			knownRegions = (
				en,
			);
			mainGroup = 96CF7F561C1EED80004B4D0E;
			productRefGroup = 96CF7F601C1EED80004B4D0E /* Products */;
			projectDirPath = "";
			projectRoot = "";
			targets = (
				96CF7F5E1C1EED80004B4D0E /* op1 */,
			);
		};
/* End PBXProject section */

/* Begin PBXSourcesBuildPhase section */
		96CF7F5B1C1EED80004B4D0E /* Sources */ = {
			isa = PBXSourcesBuildPhase;
			buildActionMask = 2147483647;
			files = (
				96CF7F6F1C1EEFBA004B4D0E /* main.cpp in Sources */,
			);
			runOnlyForDeploymentPostprocessing = 0;
		};
/* End PBXSourcesBuildPhase section */

/* Begin XCBuildConfiguration section */
		96CF7F641C1EED80004B4D0E /* Debug */ = {
			isa = XCBuildConfiguration;
			buildSettings = {
				ALWAYS_SEARCH_USER_PATHS = NO;
				CLANG_CXX_LANGUAGE_STANDARD = "gnu++0x";
				CLANG_CXX_LIBRARY = "libc++";
				CLANG_ENABLE_MODULES = YES;
				CLANG_ENABLE_OBJC_ARC = YES;
				CLANG_WARN_BOOL_CONVERSION = YES;
				CLANG_WARN_CONSTANT_CONVERSION = YES;
				CLANG_WARN_DIRECT_OBJC_ISA_USAGE = YES_ERROR;
				CLANG_WARN_EMPTY_BODY = YES;
				CLANG_WARN_ENUM_CONVERSION = YES;
				CLANG_WARN_INT_CONVERSION = YES;
				CLANG_WARN_OBJC_ROOT_CLASS = YES_ERROR;
				CLANG_WARN_UNREACHABLE_CODE = YES;
				CLANG_WARN__DUPLICATE_METHOD_MATCH = YES;
				CODE_SIGN_IDENTITY = "-";
				COPY_PHASE_STRIP = NO;
				DEBUG_INFORMATION_FORMAT = dwarf;
				ENABLE_STRICT_OBJC_MSGSEND = YES;
				ENABLE_TESTABILITY = YES;
				GCC_C_LANGUAGE_STANDARD = gnu99;
				GCC_DYNAMIC_NO_PIC = NO;
				GCC_NO_COMMON_BLOCKS = YES;
				GCC_OPTIMIZATION_LEVEL = 0;
				GCC_PREPROCESSOR_DEFINITIONS = (
					"DEBUG=1",
					"$(inherited)",
				);
				GCC_WARN_64_TO_32_BIT_CONVERSION = YES;
				GCC_WARN_ABOUT_RETURN_TYPE = YES_ERROR;
				GCC_WARN_UNDECLARED_SELECTOR = YES;
				GCC_WARN_UNINITIALIZED_AUTOS = YES_AGGRESSIVE;
				GCC_WARN_UNUSED_FUNCTION = YES;
				GCC_WARN_UNUSED_VARIABLE = YES;
				MACOSX_DEPLOYMENT_TARGET = 10.11;
				MTL_ENABLE_DEBUG_INFO = YES;
				ONLY_ACTIVE_ARCH = YES;
				SDKROOT = macosx;
			};
			name = Debug;
		};
		96CF7F651C1EED80004B4D0E /* Release */ = {
			isa = XCBuildConfiguration;
			buildSettings = {
				ALWAYS_SEARCH_USER_PATHS = NO;
				CLANG_CXX_LANGUAGE_STANDARD = "gnu++0x";
				CLANG_CXX_LIBRARY = "libc++";
				CLANG_ENABLE_MODULES = YES;
				CLANG_ENABLE_OBJC_ARC = YES;
				CLANG_WARN_BOOL_CONVERSION = YES;
				CLANG_WARN_CONSTANT_CONVERSION = YES;
				CLANG_WARN_DIRECT_OBJC_ISA_USAGE = YES_ERROR;
				CLANG_WARN_EMPTY_BODY = YES;
				CLANG_WARN_ENUM_CONVERSION = YES;
				CLANG_WARN_INT_CONVERSION = YES;
				CLANG_WARN_OBJC_ROOT_CLASS = YES_ERROR;
				CLANG_WARN_UNREACHABLE_CODE = YES;
				CLANG_WARN__DUPLICATE_METHOD_MATCH = YES;
				CODE_SIGN_IDENTITY = "-";
				COPY_PHASE_STRIP = NO;
				DEBUG_INFORMATION_FORMAT = "dwarf-with-dsym";
				ENABLE_NS_ASSERTIONS = NO;
				ENABLE_STRICT_OBJC_MSGSEND = YES;
				GCC_C_LANGUAGE_STANDARD = gnu99;
				GCC_NO_COMMON_BLOCKS = YES;
				GCC_WARN_64_TO_32_BIT_CONVERSION = YES;
				GCC_WARN_ABOUT_RETURN_TYPE = YES_ERROR;
				GCC_WARN_UNDECLARED_SELECTOR = YES;
				GCC_WARN_UNINITIALIZED_AUTOS = YES_AGGRESSIVE;
				GCC_WARN_UNUSED_FUNCTION = YES;
				GCC_WARN_UNUSED_VARIABLE = YES;
				MACOSX_DEPLOYMENT_TARGET = 10.11;
				MTL_ENABLE_DEBUG_INFO = NO;
				SDKROOT = macosx;
			};
			name = Release;
		};
		96CF7F671C1EED80004B4D0E /* Debug */ = {
			isa = XCBuildConfiguration;
			buildSettings = {
				PRODUCT_NAME = "$(TARGET_NAME)";
			};
			name = Debug;
		};
		96CF7F681C1EED80004B4D0E /* Release */ = {
			isa = XCBuildConfiguration;
			buildSettings = {
				PRODUCT_NAME = "$(TARGET_NAME)";
			};
			name = Release;
		};
/* End XCBuildConfiguration section */

/* Begin XCConfigurationList section */
		96CF7F5A1C1EED80004B4D0E /* Build configuration list for PBXProject "op1" */ = {
			isa = XCConfigurationList;
			buildConfigurations = (
				96CF7F641C1EED80004B4D0E /* Debug */,
				96CF7F651C1EED80004B4D0E /* Release */,
			);
			defaultConfigurationIsVisible = 0;
			defaultConfigurationName = Release;
		};
		96CF7F661C1EED80004B4D0E /* Build configuration list for PBXNativeTarget "op1" */ = {
			isa = XCConfigurationList;
			buildConfigurations = (
				96CF7F671C1EED80004B4D0E /* Debug */,
				96CF7F681C1EED80004B4D0E /* Release */,
			);
			defaultConfigurationIsVisible = 0;
		};
/* End XCConfigurationList section */
	};
	rootObject = 96CF7F571C1EED80004B4D0E /* Project object */;
}
