// !$*UTF8*$!
{
	archiveVersion = 1;
	classes = {
	};
	objectVersion = 46;
	objects = {

/* Begin PBXBuildFile section */
		F0B741A21C2143B200A98716 /* main.cpp in Sources */ = {isa = PBXBuildFile; fileRef = F0B741A11C2143B200A98716 /* main.cpp */; };
		F0B741AA1C21466300A98716 /* GLUT.framework in Frameworks */ = {isa = PBXBuildFile; fileRef = F0B741A81C21466300A98716 /* GLUT.framework */; };
		F0B741AB1C21466300A98716 /* OpenGL.framework in Frameworks */ = {isa = PBXBuildFile; fileRef = F0B741A91C21466300A98716 /* OpenGL.framework */; };
/* End PBXBuildFile section */

/* Begin PBXCopyFilesBuildPhase section */
		F0B7419C1C2143B200A98716 /* CopyFiles */ = {
			isa = PBXCopyFilesBuildPhase;
			buildActionMask = 2147483647;
			dstPath = /usr/share/man/man1/;
			dstSubfolderSpec = 0;
			files = (
			);
			runOnlyForDeploymentPostprocessing = 1;
		};
/* End PBXCopyFilesBuildPhase section */

/* Begin PBXFileReference section */
		F0B7419E1C2143B200A98716 /* YCOpenGLHomeWork01 */ = {isa = PBXFileReference; explicitFileType = "compiled.mach-o.executable"; includeInIndex = 0; path = YCOpenGLHomeWork01; sourceTree = BUILT_PRODUCTS_DIR; };
		F0B741A11C2143B200A98716 /* main.cpp */ = {isa = PBXFileReference; lastKnownFileType = sourcecode.cpp.cpp; path = main.cpp; sourceTree = "<group>"; };
		F0B741A81C21466300A98716 /* GLUT.framework */ = {isa = PBXFileReference; lastKnownFileType = wrapper.framework; path = GLUT.framework; sourceTree = "<group>"; };
		F0B741A91C21466300A98716 /* OpenGL.framework */ = {isa = PBXFileReference; lastKnownFileType = wrapper.framework; path = OpenGL.framework; sourceTree = "<group>"; };
/* End PBXFileReference section */

/* Begin PBXFrameworksBuildPhase section */
		F0B7419B1C2143B200A98716 /* Frameworks */ = {
			isa = PBXFrameworksBuildPhase;
			buildActionMask = 2147483647;
			files = (
				F0B741AA1C21466300A98716 /* GLUT.framework in Frameworks */,
				F0B741AB1C21466300A98716 /* OpenGL.framework in Frameworks */,
			);
			runOnlyForDeploymentPostprocessing = 0;
		};
/* End PBXFrameworksBuildPhase section */

/* Begin PBXGroup section */
		F0B741951C2143B200A98716 = {
			isa = PBXGroup;
			children = (
				F0B741A81C21466300A98716 /* GLUT.framework */,
				F0B741A91C21466300A98716 /* OpenGL.framework */,
				F0B741A01C2143B200A98716 /* YCOpenGLHomeWork01 */,
				F0B7419F1C2143B200A98716 /* Products */,
			);
			sourceTree = "<group>";
		};
		F0B7419F1C2143B200A98716 /* Products */ = {
			isa = PBXGroup;
			children = (
				F0B7419E1C2143B200A98716 /* YCOpenGLHomeWork01 */,
			);
			name = Products;
			sourceTree = "<group>";
		};
		F0B741A01C2143B200A98716 /* YCOpenGLHomeWork01 */ = {
			isa = PBXGroup;
			children = (
				F0B741A11C2143B200A98716 /* main.cpp */,
			);
			path = YCOpenGLHomeWork01;
			sourceTree = "<group>";
		};
/* End PBXGroup section */

/* Begin PBXNativeTarget section */
		F0B7419D1C2143B200A98716 /* YCOpenGLHomeWork01 */ = {
			isa = PBXNativeTarget;
			buildConfigurationList = F0B741A51C2143B200A98716 /* Build configuration list for PBXNativeTarget "YCOpenGLHomeWork01" */;
			buildPhases = (
				F0B7419A1C2143B200A98716 /* Sources */,
				F0B7419B1C2143B200A98716 /* Frameworks */,
				F0B7419C1C2143B200A98716 /* CopyFiles */,
			);
			buildRules = (
			);
			dependencies = (
			);
			name = YCOpenGLHomeWork01;
			productName = YCOpenGLHomeWork01;
			productReference = F0B7419E1C2143B200A98716 /* YCOpenGLHomeWork01 */;
			productType = "com.apple.product-type.tool";
		};
/* End PBXNativeTarget section */

/* Begin PBXProject section */
		F0B741961C2143B200A98716 /* Project object */ = {
			isa = PBXProject;
			attributes = {
				LastUpgradeCheck = 0710;
				ORGANIZATIONNAME = "YC－MacBookPro";
				TargetAttributes = {
					F0B7419D1C2143B200A98716 = {
						CreatedOnToolsVersion = 7.1;
					};
				};
			};
			buildConfigurationList = F0B741991C2143B200A98716 /* Build configuration list for PBXProject "YCOpenGLHomeWork01" */;
			compatibilityVersion = "Xcode 3.2";
			developmentRegion = English;
			hasScannedForEncodings = 0;
			knownRegions = (
				en,
			);
			mainGroup = F0B741951C2143B200A98716;
			productRefGroup = F0B7419F1C2143B200A98716 /* Products */;
			projectDirPath = "";
			projectRoot = "";
			targets = (
				F0B7419D1C2143B200A98716 /* YCOpenGLHomeWork01 */,
			);
		};
/* End PBXProject section */

/* Begin PBXSourcesBuildPhase section */
		F0B7419A1C2143B200A98716 /* Sources */ = {
			isa = PBXSourcesBuildPhase;
			buildActionMask = 2147483647;
			files = (
				F0B741A21C2143B200A98716 /* main.cpp in Sources */,
			);
			runOnlyForDeploymentPostprocessing = 0;
		};
/* End PBXSourcesBuildPhase section */

/* Begin XCBuildConfiguration section */
		F0B741A31C2143B200A98716 /* Debug */ = {
			isa = XCBuildConfiguration;
			buildSettings = {
				ALWAYS_SEARCH_USER_PATHS = NO;
				CLANG_CXX_LANGUAGE_STANDARD = "gnu++0x";
				CLANG_CXX_LIBRARY = "libc++";
				CLANG_ENABLE_MODULES = YES;
				CLANG_ENABLE_OBJC_ARC = YES;
				CLANG_WARN_BOOL_CONVERSION = YES;
				CLANG_WARN_CONSTANT_CONVERSION = YES;
				CLANG_WARN_DIRECT_OBJC_ISA_USAGE = YES_ERROR;
				CLANG_WARN_EMPTY_BODY = YES;
				CLANG_WARN_ENUM_CONVERSION = YES;
				CLANG_WARN_INT_CONVERSION = YES;
				CLANG_WARN_OBJC_ROOT_CLASS = YES_ERROR;
				CLANG_WARN_UNREACHABLE_CODE = YES;
				CLANG_WARN__DUPLICATE_METHOD_MATCH = YES;
				CODE_SIGN_IDENTITY = "-";
				COPY_PHASE_STRIP = NO;
				DEBUG_INFORMATION_FORMAT = dwarf;
				ENABLE_STRICT_OBJC_MSGSEND = YES;
				ENABLE_TESTABILITY = YES;
				GCC_C_LANGUAGE_STANDARD = gnu99;
				GCC_DYNAMIC_NO_PIC = NO;
				GCC_NO_COMMON_BLOCKS = YES;
				GCC_OPTIMIZATION_LEVEL = 0;
				GCC_PREPROCESSOR_DEFINITIONS = (
					"DEBUG=1",
					"$(inherited)",
				);
				GCC_WARN_64_TO_32_BIT_CONVERSION = YES;
				GCC_WARN_ABOUT_RETURN_TYPE = YES_ERROR;
				GCC_WARN_UNDECLARED_SELECTOR = YES;
				GCC_WARN_UNINITIALIZED_AUTOS = YES_AGGRESSIVE;
				GCC_WARN_UNUSED_FUNCTION = YES;
				GCC_WARN_UNUSED_VARIABLE = YES;
				MACOSX_DEPLOYMENT_TARGET = 10.11;
				MTL_ENABLE_DEBUG_INFO = YES;
				ONLY_ACTIVE_ARCH = YES;
				SDKROOT = macosx;
			};
			name = Debug;
		};
		F0B741A41C2143B200A98716 /* Release */ = {
			isa = XCBuildConfiguration;
			buildSettings = {
				ALWAYS_SEARCH_USER_PATHS = NO;
				CLANG_CXX_LANGUAGE_STANDARD = "gnu++0x";
				CLANG_CXX_LIBRARY = "libc++";
				CLANG_ENABLE_MODULES = YES;
				CLANG_ENABLE_OBJC_ARC = YES;
				CLANG_WARN_BOOL_CONVERSION = YES;
				CLANG_WARN_CONSTANT_CONVERSION = YES;
				CLANG_WARN_DIRECT_OBJC_ISA_USAGE = YES_ERROR;
				CLANG_WARN_EMPTY_BODY = YES;
				CLANG_WARN_ENUM_CONVERSION = YES;
				CLANG_WARN_INT_CONVERSION = YES;
				CLANG_WARN_OBJC_ROOT_CLASS = YES_ERROR;
				CLANG_WARN_UNREACHABLE_CODE = YES;
				CLANG_WARN__DUPLICATE_METHOD_MATCH = YES;
				CODE_SIGN_IDENTITY = "-";
				COPY_PHASE_STRIP = NO;
				DEBUG_INFORMATION_FORMAT = "dwarf-with-dsym";
				ENABLE_NS_ASSERTIONS = NO;
				ENABLE_STRICT_OBJC_MSGSEND = YES;
				GCC_C_LANGUAGE_STANDARD = gnu99;
				GCC_NO_COMMON_BLOCKS = YES;
				GCC_WARN_64_TO_32_BIT_CONVERSION = YES;
				GCC_WARN_ABOUT_RETURN_TYPE = YES_ERROR;
				GCC_WARN_UNDECLARED_SELECTOR = YES;
				GCC_WARN_UNINITIALIZED_AUTOS = YES_AGGRESSIVE;
				GCC_WARN_UNUSED_FUNCTION = YES;
				GCC_WARN_UNUSED_VARIABLE = YES;
				MACOSX_DEPLOYMENT_TARGET = 10.11;
				MTL_ENABLE_DEBUG_INFO = NO;
				SDKROOT = macosx;
			};
			name = Release;
		};
		F0B741A61C2143B200A98716 /* Debug */ = {
			isa = XCBuildConfiguration;
			buildSettings = {
				FRAMEWORK_SEARCH_PATHS = (
					"$(inherited)",
					"$(PROJECT_DIR)",
				);
				PRODUCT_NAME = "$(TARGET_NAME)";
			};
			name = Debug;
		};
		F0B741A71C2143B200A98716 /* Release */ = {
			isa = XCBuildConfiguration;
			buildSettings = {
				FRAMEWORK_SEARCH_PATHS = (
					"$(inherited)",
					"$(PROJECT_DIR)",
				);
				PRODUCT_NAME = "$(TARGET_NAME)";
			};
			name = Release;
		};
/* End XCBuildConfiguration section */

/* Begin XCConfigurationList section */
		F0B741991C2143B200A98716 /* Build configuration list for PBXProject "YCOpenGLHomeWork01" */ = {
			isa = XCConfigurationList;
			buildConfigurations = (
				F0B741A31C2143B200A98716 /* Debug */,
				F0B741A41C2143B200A98716 /* Release */,
			);
			defaultConfigurationIsVisible = 0;
			defaultConfigurationName = Release;
		};
		F0B741A51C2143B200A98716 /* Build configuration list for PBXNativeTarget "YCOpenGLHomeWork01" */ = {
			isa = XCConfigurationList;
			buildConfigurations = (
				F0B741A61C2143B200A98716 /* Debug */,
				F0B741A71C2143B200A98716 /* Release */,
			);
			defaultConfigurationIsVisible = 0;
		};
/* End XCConfigurationList section */
	};
	rootObject = F0B741961C2143B200A98716 /* Project object */;
}
