
Microsoft Visual Studio Solution File, Format Version 10.00
# Visual Studio 2008
Project("{8BC9CEB8-8B4A-11D0-8D11-00A0C91BC942}") = "openglL_homework1", "openglL_homework1\openglL_homework1.vcproj", "{A42A57A6-15CD-4FE0-9DCB-04BF381D0FA1}"
EndProject
Global
	GlobalSection(SolutionConfigurationPlatforms) = preSolution
		Debug|Win32 = Debug|Win32
		Release|Win32 = Release|Win32
	EndGlobalSection
	GlobalSection(ProjectConfigurationPlatforms) = postSolution
		{A42A57A6-15CD-4FE0-9DCB-04BF381D0FA1}.Debug|Win32.ActiveCfg = Debug|Win32
		{A42A57A6-15CD-4FE0-9DCB-04BF381D0FA1}.Debug|Win32.Build.0 = Debug|Win32
		{A42A57A6-15CD-4FE0-9DCB-04BF381D0FA1}.Release|Win32.ActiveCfg = Release|Win32
		{A42A57A6-15CD-4FE0-9DCB-04BF381D0FA1}.Release|Win32.Build.0 = Release|Win32
	EndGlobalSection
	GlobalSection(SolutionProperties) = preSolution
		HideSolutionNode = FALSE
	EndGlobalSection
EndGlobal
