// !$*UTF8*$!
{
	archiveVersion = 1;
	classes = {
	};
	objectVersion = 46;
	objects = {

/* Begin PBXBuildFile section */
		5E12B0AF1C13E34500D21824 /* main.cpp in Sources */ = {isa = PBXBuildFile; fileRef = 5E12B0AE1C13E34500D21824 /* main.cpp */; };
		5E12B0B61C13E36B00D21824 /* GLUT.framework in Frameworks */ = {isa = PBXBuildFile; fileRef = 5E12B0B51C13E36B00D21824 /* GLUT.framework */; };
		5E12B0B81C13E37300D21824 /* OpenGL.framework in Frameworks */ = {isa = PBXBuildFile; fileRef = 5E12B0B71C13E37300D21824 /* OpenGL.framework */; };
/* End PBXBuildFile section */

/* Begin PBXCopyFilesBuildPhase section */
		5E12B0A91C13E34500D21824 /* CopyFiles */ = {
			isa = PBXCopyFilesBuildPhase;
			buildActionMask = 2147483647;
			dstPath = /usr/share/man/man1/;
			dstSubfolderSpec = 0;
			files = (
			);
			runOnlyForDeploymentPostprocessing = 1;
		};
/* End PBXCopyFilesBuildPhase section */

/* Begin PBXFileReference section */
		5E12B0AB1C13E34500D21824 /* sun */ = {isa = PBXFileReference; explicitFileType = "compiled.mach-o.executable"; includeInIndex = 0; path = sun; sourceTree = BUILT_PRODUCTS_DIR; };
		5E12B0AE1C13E34500D21824 /* main.cpp */ = {isa = PBXFileReference; lastKnownFileType = sourcecode.cpp.cpp; path = main.cpp; sourceTree = "<group>"; };
		5E12B0B51C13E36B00D21824 /* GLUT.framework */ = {isa = PBXFileReference; lastKnownFileType = wrapper.framework; name = GLUT.framework; path = System/Library/Frameworks/GLUT.framework; sourceTree = SDKROOT; };
		5E12B0B71C13E37300D21824 /* OpenGL.framework */ = {isa = PBXFileReference; lastKnownFileType = wrapper.framework; name = OpenGL.framework; path = System/Library/Frameworks/OpenGL.framework; sourceTree = SDKROOT; };
/* End PBXFileReference section */

/* Begin PBXFrameworksBuildPhase section */
		5E12B0A81C13E34500D21824 /* Frameworks */ = {
			isa = PBXFrameworksBuildPhase;
			buildActionMask = 2147483647;
			files = (
				5E12B0B81C13E37300D21824 /* OpenGL.framework in Frameworks */,
				5E12B0B61C13E36B00D21824 /* GLUT.framework in Frameworks */,
			);
			runOnlyForDeploymentPostprocessing = 0;
		};
/* End PBXFrameworksBuildPhase section */

/* Begin PBXGroup section */
		5E12B0A21C13E34500D21824 = {
			isa = PBXGroup;
			children = (
				5E12B0B71C13E37300D21824 /* OpenGL.framework */,
				5E12B0B51C13E36B00D21824 /* GLUT.framework */,
				5E12B0AD1C13E34500D21824 /* sun */,
				5E12B0AC1C13E34500D21824 /* Products */,
			);
			sourceTree = "<group>";
		};
		5E12B0AC1C13E34500D21824 /* Products */ = {
			isa = PBXGroup;
			children = (
				5E12B0AB1C13E34500D21824 /* sun */,
			);
			name = Products;
			sourceTree = "<group>";
		};
		5E12B0AD1C13E34500D21824 /* sun */ = {
			isa = PBXGroup;
			children = (
				5E12B0AE1C13E34500D21824 /* main.cpp */,
			);
			path = sun;
			sourceTree = "<group>";
		};
/* End PBXGroup section */

/* Begin PBXNativeTarget section */
		5E12B0AA1C13E34500D21824 /* sun */ = {
			isa = PBXNativeTarget;
			buildConfigurationList = 5E12B0B21C13E34500D21824 /* Build configuration list for PBXNativeTarget "sun" */;
			buildPhases = (
				5E12B0A71C13E34500D21824 /* Sources */,
				5E12B0A81C13E34500D21824 /* Frameworks */,
				5E12B0A91C13E34500D21824 /* CopyFiles */,
			);
			buildRules = (
			);
			dependencies = (
			);
			name = sun;
			productName = sun;
			productReference = 5E12B0AB1C13E34500D21824 /* sun */;
			productType = "com.apple.product-type.tool";
		};
/* End PBXNativeTarget section */

/* Begin PBXProject section */
		5E12B0A31C13E34500D21824 /* Project object */ = {
			isa = PBXProject;
			attributes = {
				LastUpgradeCheck = 0710;
				ORGANIZATIONNAME = linbo;
				TargetAttributes = {
					5E12B0AA1C13E34500D21824 = {
						CreatedOnToolsVersion = 7.1;
					};
				};
			};
			buildConfigurationList = 5E12B0A61C13E34500D21824 /* Build configuration list for PBXProject "sun" */;
			compatibilityVersion = "Xcode 3.2";
			developmentRegion = English;
			hasScannedForEncodings = 0;
			knownRegions = (
				en,
			);
			mainGroup = 5E12B0A21C13E34500D21824;
			productRefGroup = 5E12B0AC1C13E34500D21824 /* Products */;
			projectDirPath = "";
			projectRoot = "";
			targets = (
				5E12B0AA1C13E34500D21824 /* sun */,
			);
		};
/* End PBXProject section */

/* Begin PBXSourcesBuildPhase section */
		5E12B0A71C13E34500D21824 /* Sources */ = {
			isa = PBXSourcesBuildPhase;
			buildActionMask = 2147483647;
			files = (
				5E12B0AF1C13E34500D21824 /* main.cpp in Sources */,
			);
			runOnlyForDeploymentPostprocessing = 0;
		};
/* End PBXSourcesBuildPhase section */

/* Begin XCBuildConfiguration section */
		5E12B0B01C13E34500D21824 /* Debug */ = {
			isa = XCBuildConfiguration;
			buildSettings = {
				ALWAYS_SEARCH_USER_PATHS = NO;
				CLANG_CXX_LANGUAGE_STANDARD = "gnu++0x";
				CLANG_CXX_LIBRARY = "libc++";
				CLANG_ENABLE_MODULES = YES;
				CLANG_ENABLE_OBJC_ARC = YES;
				CLANG_WARN_BOOL_CONVERSION = YES;
				CLANG_WARN_CONSTANT_CONVERSION = YES;
				CLANG_WARN_DIRECT_OBJC_ISA_USAGE = YES_ERROR;
				CLANG_WARN_EMPTY_BODY = YES;
				CLANG_WARN_ENUM_CONVERSION = YES;
				CLANG_WARN_INT_CONVERSION = YES;
				CLANG_WARN_OBJC_ROOT_CLASS = YES_ERROR;
				CLANG_WARN_UNREACHABLE_CODE = YES;
				CLANG_WARN__DUPLICATE_METHOD_MATCH = YES;
				CODE_SIGN_IDENTITY = "-";
				COPY_PHASE_STRIP = NO;
				DEBUG_INFORMATION_FORMAT = dwarf;
				ENABLE_STRICT_OBJC_MSGSEND = YES;
				ENABLE_TESTABILITY = YES;
				GCC_C_LANGUAGE_STANDARD = gnu99;
				GCC_DYNAMIC_NO_PIC = NO;
				GCC_NO_COMMON_BLOCKS = YES;
				GCC_OPTIMIZATION_LEVEL = 0;
				GCC_PREPROCESSOR_DEFINITIONS = (
					"DEBUG=1",
					"$(inherited)",
				);
				GCC_WARN_64_TO_32_BIT_CONVERSION = YES;
				GCC_WARN_ABOUT_RETURN_TYPE = YES_ERROR;
				GCC_WARN_UNDECLARED_SELECTOR = YES;
				GCC_WARN_UNINITIALIZED_AUTOS = YES_AGGRESSIVE;
				GCC_WARN_UNUSED_FUNCTION = YES;
				GCC_WARN_UNUSED_VARIABLE = YES;
				MACOSX_DEPLOYMENT_TARGET = 10.10;
				MTL_ENABLE_DEBUG_INFO = YES;
				ONLY_ACTIVE_ARCH = YES;
				SDKROOT = macosx;
			};
			name = Debug;
		};
		5E12B0B11C13E34500D21824 /* Release */ = {
			isa = XCBuildConfiguration;
			buildSettings = {
				ALWAYS_SEARCH_USER_PATHS = NO;
				CLANG_CXX_LANGUAGE_STANDARD = "gnu++0x";
				CLANG_CXX_LIBRARY = "libc++";
				CLANG_ENABLE_MODULES = YES;
				CLANG_ENABLE_OBJC_ARC = YES;
				CLANG_WARN_BOOL_CONVERSION = YES;
				CLANG_WARN_CONSTANT_CONVERSION = YES;
				CLANG_WARN_DIRECT_OBJC_ISA_USAGE = YES_ERROR;
				CLANG_WARN_EMPTY_BODY = YES;
				CLANG_WARN_ENUM_CONVERSION = YES;
				CLANG_WARN_INT_CONVERSION = YES;
				CLANG_WARN_OBJC_ROOT_CLASS = YES_ERROR;
				CLANG_WARN_UNREACHABLE_CODE = YES;
				CLANG_WARN__DUPLICATE_METHOD_MATCH = YES;
				CODE_SIGN_IDENTITY = "-";
				COPY_PHASE_STRIP = NO;
				DEBUG_INFORMATION_FORMAT = "dwarf-with-dsym";
				ENABLE_NS_ASSERTIONS = NO;
				ENABLE_STRICT_OBJC_MSGSEND = YES;
				GCC_C_LANGUAGE_STANDARD = gnu99;
				GCC_NO_COMMON_BLOCKS = YES;
				GCC_WARN_64_TO_32_BIT_CONVERSION = YES;
				GCC_WARN_ABOUT_RETURN_TYPE = YES_ERROR;
				GCC_WARN_UNDECLARED_SELECTOR = YES;
				GCC_WARN_UNINITIALIZED_AUTOS = YES_AGGRESSIVE;
				GCC_WARN_UNUSED_FUNCTION = YES;
				GCC_WARN_UNUSED_VARIABLE = YES;
				MACOSX_DEPLOYMENT_TARGET = 10.10;
				MTL_ENABLE_DEBUG_INFO = NO;
				SDKROOT = macosx;
			};
			name = Release;
		};
		5E12B0B31C13E34500D21824 /* Debug */ = {
			isa = XCBuildConfiguration;
			buildSettings = {
				MACOSX_DEPLOYMENT_TARGET = 10.8;
				PRODUCT_NAME = "$(TARGET_NAME)";
			};
			name = Debug;
		};
		5E12B0B41C13E34500D21824 /* Release */ = {
			isa = XCBuildConfiguration;
			buildSettings = {
				MACOSX_DEPLOYMENT_TARGET = 10.8;
				PRODUCT_NAME = "$(TARGET_NAME)";
			};
			name = Release;
		};
/* End XCBuildConfiguration section */

/* Begin XCConfigurationList section */
		5E12B0A61C13E34500D21824 /* Build configuration list for PBXProject "sun" */ = {
			isa = XCConfigurationList;
			buildConfigurations = (
				5E12B0B01C13E34500D21824 /* Debug */,
				5E12B0B11C13E34500D21824 /* Release */,
			);
			defaultConfigurationIsVisible = 0;
			defaultConfigurationName = Release;
		};
		5E12B0B21C13E34500D21824 /* Build configuration list for PBXNativeTarget "sun" */ = {
			isa = XCConfigurationList;
			buildConfigurations = (
				5E12B0B31C13E34500D21824 /* Debug */,
				5E12B0B41C13E34500D21824 /* Release */,
			);
			defaultConfigurationIsVisible = 0;
		};
/* End XCConfigurationList section */
	};
	rootObject = 5E12B0A31C13E34500D21824 /* Project object */;
}
