// !$*UTF8*$!
{
	archiveVersion = 1;
	classes = {
	};
	objectVersion = 46;
	objects = {

/* Begin PBXBuildFile section */
		0EED9D571C1424C300A7AC58 /* main.cpp in Sources */ = {isa = PBXBuildFile; fileRef = 0EED9D561C1424C300A7AC58 /* main.cpp */; };
		0EED9D5E1C1424D200A7AC58 /* OpenGL.framework in Frameworks */ = {isa = PBXBuildFile; fileRef = 0EED9D5D1C1424D200A7AC58 /* OpenGL.framework */; };
		0EED9D601C1424DA00A7AC58 /* GLUT.framework in Frameworks */ = {isa = PBXBuildFile; fileRef = 0EED9D5F1C1424DA00A7AC58 /* GLUT.framework */; };
/* End PBXBuildFile section */

/* Begin PBXCopyFilesBuildPhase section */
		0EED9D511C1424C300A7AC58 /* CopyFiles */ = {
			isa = PBXCopyFilesBuildPhase;
			buildActionMask = 2147483647;
			dstPath = /usr/share/man/man1/;
			dstSubfolderSpec = 0;
			files = (
			);
			runOnlyForDeploymentPostprocessing = 1;
		};
/* End PBXCopyFilesBuildPhase section */

/* Begin PBXFileReference section */
		0EED9D531C1424C300A7AC58 /* OpenGLHomeWork01 */ = {isa = PBXFileReference; explicitFileType = "compiled.mach-o.executable"; includeInIndex = 0; path = OpenGLHomeWork01; sourceTree = BUILT_PRODUCTS_DIR; };
		0EED9D561C1424C300A7AC58 /* main.cpp */ = {isa = PBXFileReference; lastKnownFileType = sourcecode.cpp.cpp; path = main.cpp; sourceTree = "<group>"; };
		0EED9D5D1C1424D200A7AC58 /* OpenGL.framework */ = {isa = PBXFileReference; lastKnownFileType = wrapper.framework; name = OpenGL.framework; path = System/Library/Frameworks/OpenGL.framework; sourceTree = SDKROOT; };
		0EED9D5F1C1424DA00A7AC58 /* GLUT.framework */ = {isa = PBXFileReference; lastKnownFileType = wrapper.framework; name = GLUT.framework; path = System/Library/Frameworks/GLUT.framework; sourceTree = SDKROOT; };
/* End PBXFileReference section */

/* Begin PBXFrameworksBuildPhase section */
		0EED9D501C1424C300A7AC58 /* Frameworks */ = {
			isa = PBXFrameworksBuildPhase;
			buildActionMask = 2147483647;
			files = (
				0EED9D601C1424DA00A7AC58 /* GLUT.framework in Frameworks */,
				0EED9D5E1C1424D200A7AC58 /* OpenGL.framework in Frameworks */,
			);
			runOnlyForDeploymentPostprocessing = 0;
		};
/* End PBXFrameworksBuildPhase section */

/* Begin PBXGroup section */
		0EED9D4A1C1424C300A7AC58 = {
			isa = PBXGroup;
			children = (
				0EED9D5F1C1424DA00A7AC58 /* GLUT.framework */,
				0EED9D5D1C1424D200A7AC58 /* OpenGL.framework */,
				0EED9D551C1424C300A7AC58 /* OpenGLHomeWork01 */,
				0EED9D541C1424C300A7AC58 /* Products */,
			);
			sourceTree = "<group>";
		};
		0EED9D541C1424C300A7AC58 /* Products */ = {
			isa = PBXGroup;
			children = (
				0EED9D531C1424C300A7AC58 /* OpenGLHomeWork01 */,
			);
			name = Products;
			sourceTree = "<group>";
		};
		0EED9D551C1424C300A7AC58 /* OpenGLHomeWork01 */ = {
			isa = PBXGroup;
			children = (
				0EED9D561C1424C300A7AC58 /* main.cpp */,
			);
			path = OpenGLHomeWork01;
			sourceTree = "<group>";
		};
/* End PBXGroup section */

/* Begin PBXNativeTarget section */
		0EED9D521C1424C300A7AC58 /* OpenGLHomeWork01 */ = {
			isa = PBXNativeTarget;
			buildConfigurationList = 0EED9D5A1C1424C300A7AC58 /* Build configuration list for PBXNativeTarget "OpenGLHomeWork01" */;
			buildPhases = (
				0EED9D4F1C1424C300A7AC58 /* Sources */,
				0EED9D501C1424C300A7AC58 /* Frameworks */,
				0EED9D511C1424C300A7AC58 /* CopyFiles */,
			);
			buildRules = (
			);
			dependencies = (
			);
			name = OpenGLHomeWork01;
			productName = OpenGLHomeWork01;
			productReference = 0EED9D531C1424C300A7AC58 /* OpenGLHomeWork01 */;
			productType = "com.apple.product-type.tool";
		};
/* End PBXNativeTarget section */

/* Begin PBXProject section */
		0EED9D4B1C1424C300A7AC58 /* Project object */ = {
			isa = PBXProject;
			attributes = {
				LastUpgradeCheck = 0700;
				ORGANIZATIONNAME = Bing;
				TargetAttributes = {
					0EED9D521C1424C300A7AC58 = {
						CreatedOnToolsVersion = 7.0;
					};
				};
			};
			buildConfigurationList = 0EED9D4E1C1424C300A7AC58 /* Build configuration list for PBXProject "OpenGLHomeWork01" */;
			compatibilityVersion = "Xcode 3.2";
			developmentRegion = English;
			hasScannedForEncodings = 0;
			knownRegions = (
				en,
			);
			mainGroup = 0EED9D4A1C1424C300A7AC58;
			productRefGroup = 0EED9D541C1424C300A7AC58 /* Products */;
			projectDirPath = "";
			projectRoot = "";
			targets = (
				0EED9D521C1424C300A7AC58 /* OpenGLHomeWork01 */,
			);
		};
/* End PBXProject section */

/* Begin PBXSourcesBuildPhase section */
		0EED9D4F1C1424C300A7AC58 /* Sources */ = {
			isa = PBXSourcesBuildPhase;
			buildActionMask = 2147483647;
			files = (
				0EED9D571C1424C300A7AC58 /* main.cpp in Sources */,
			);
			runOnlyForDeploymentPostprocessing = 0;
		};
/* End PBXSourcesBuildPhase section */

/* Begin XCBuildConfiguration section */
		0EED9D581C1424C300A7AC58 /* Debug */ = {
			isa = XCBuildConfiguration;
			buildSettings = {
				ALWAYS_SEARCH_USER_PATHS = NO;
				CLANG_CXX_LANGUAGE_STANDARD = "gnu++0x";
				CLANG_CXX_LIBRARY = "libc++";
				CLANG_ENABLE_MODULES = YES;
				CLANG_ENABLE_OBJC_ARC = YES;
				CLANG_WARN_BOOL_CONVERSION = YES;
				CLANG_WARN_CONSTANT_CONVERSION = YES;
				CLANG_WARN_DIRECT_OBJC_ISA_USAGE = YES_ERROR;
				CLANG_WARN_EMPTY_BODY = YES;
				CLANG_WARN_ENUM_CONVERSION = YES;
				CLANG_WARN_INT_CONVERSION = YES;
				CLANG_WARN_OBJC_ROOT_CLASS = YES_ERROR;
				CLANG_WARN_UNREACHABLE_CODE = YES;
				CLANG_WARN__DUPLICATE_METHOD_MATCH = YES;
				COPY_PHASE_STRIP = NO;
				DEBUG_INFORMATION_FORMAT = dwarf;
				ENABLE_STRICT_OBJC_MSGSEND = YES;
				ENABLE_TESTABILITY = YES;
				GCC_C_LANGUAGE_STANDARD = gnu99;
				GCC_DYNAMIC_NO_PIC = NO;
				GCC_NO_COMMON_BLOCKS = YES;
				GCC_OPTIMIZATION_LEVEL = 0;
				GCC_PREPROCESSOR_DEFINITIONS = (
					"DEBUG=1",
					"$(inherited)",
				);
				GCC_WARN_64_TO_32_BIT_CONVERSION = YES;
				GCC_WARN_ABOUT_RETURN_TYPE = YES_ERROR;
				GCC_WARN_UNDECLARED_SELECTOR = YES;
				GCC_WARN_UNINITIALIZED_AUTOS = YES_AGGRESSIVE;
				GCC_WARN_UNUSED_FUNCTION = YES;
				GCC_WARN_UNUSED_VARIABLE = YES;
				MACOSX_DEPLOYMENT_TARGET = 10.10;
				MTL_ENABLE_DEBUG_INFO = YES;
				ONLY_ACTIVE_ARCH = YES;
				SDKROOT = macosx;
			};
			name = Debug;
		};
		0EED9D591C1424C300A7AC58 /* Release */ = {
			isa = XCBuildConfiguration;
			buildSettings = {
				ALWAYS_SEARCH_USER_PATHS = NO;
				CLANG_CXX_LANGUAGE_STANDARD = "gnu++0x";
				CLANG_CXX_LIBRARY = "libc++";
				CLANG_ENABLE_MODULES = YES;
				CLANG_ENABLE_OBJC_ARC = YES;
				CLANG_WARN_BOOL_CONVERSION = YES;
				CLANG_WARN_CONSTANT_CONVERSION = YES;
				CLANG_WARN_DIRECT_OBJC_ISA_USAGE = YES_ERROR;
				CLANG_WARN_EMPTY_BODY = YES;
				CLANG_WARN_ENUM_CONVERSION = YES;
				CLANG_WARN_INT_CONVERSION = YES;
				CLANG_WARN_OBJC_ROOT_CLASS = YES_ERROR;
				CLANG_WARN_UNREACHABLE_CODE = YES;
				CLANG_WARN__DUPLICATE_METHOD_MATCH = YES;
				COPY_PHASE_STRIP = NO;
				DEBUG_INFORMATION_FORMAT = "dwarf-with-dsym";
				ENABLE_NS_ASSERTIONS = NO;
				ENABLE_STRICT_OBJC_MSGSEND = YES;
				GCC_C_LANGUAGE_STANDARD = gnu99;
				GCC_NO_COMMON_BLOCKS = YES;
				GCC_WARN_64_TO_32_BIT_CONVERSION = YES;
				GCC_WARN_ABOUT_RETURN_TYPE = YES_ERROR;
				GCC_WARN_UNDECLARED_SELECTOR = YES;
				GCC_WARN_UNINITIALIZED_AUTOS = YES_AGGRESSIVE;
				GCC_WARN_UNUSED_FUNCTION = YES;
				GCC_WARN_UNUSED_VARIABLE = YES;
				MACOSX_DEPLOYMENT_TARGET = 10.10;
				MTL_ENABLE_DEBUG_INFO = NO;
				SDKROOT = macosx;
			};
			name = Release;
		};
		0EED9D5B1C1424C300A7AC58 /* Debug */ = {
			isa = XCBuildConfiguration;
			buildSettings = {
				PRODUCT_NAME = "$(TARGET_NAME)";
			};
			name = Debug;
		};
		0EED9D5C1C1424C300A7AC58 /* Release */ = {
			isa = XCBuildConfiguration;
			buildSettings = {
				PRODUCT_NAME = "$(TARGET_NAME)";
			};
			name = Release;
		};
/* End XCBuildConfiguration section */

/* Begin XCConfigurationList section */
		0EED9D4E1C1424C300A7AC58 /* Build configuration list for PBXProject "OpenGLHomeWork01" */ = {
			isa = XCConfigurationList;
			buildConfigurations = (
				0EED9D581C1424C300A7AC58 /* Debug */,
				0EED9D591C1424C300A7AC58 /* Release */,
			);
			defaultConfigurationIsVisible = 0;
			defaultConfigurationName = Release;
		};
		0EED9D5A1C1424C300A7AC58 /* Build configuration list for PBXNativeTarget "OpenGLHomeWork01" */ = {
			isa = XCConfigurationList;
			buildConfigurations = (
				0EED9D5B1C1424C300A7AC58 /* Debug */,
				0EED9D5C1C1424C300A7AC58 /* Release */,
			);
			defaultConfigurationIsVisible = 0;
		};
/* End XCConfigurationList section */
	};
	rootObject = 0EED9D4B1C1424C300A7AC58 /* Project object */;
}
