// !$*UTF8*$!
{
	archiveVersion = 1;
	classes = {
	};
	objectVersion = 46;
	objects = {

/* Begin PBXBuildFile section */
		A03056841C16C3C100BF7596 /* main.cpp in Sources */ = {isa = PBXBuildFile; fileRef = A03056831C16C3C100BF7596 /* main.cpp */; };
		A030568B1C16C3D100BF7596 /* GLUT.framework in Frameworks */ = {isa = PBXBuildFile; fileRef = A030568A1C16C3D100BF7596 /* GLUT.framework */; };
		A030568D1C16C3D600BF7596 /* OpenGL.framework in Frameworks */ = {isa = PBXBuildFile; fileRef = A030568C1C16C3D600BF7596 /* OpenGL.framework */; };
/* End PBXBuildFile section */

/* Begin PBXCopyFilesBuildPhase section */
		A030567E1C16C3C100BF7596 /* CopyFiles */ = {
			isa = PBXCopyFilesBuildPhase;
			buildActionMask = 2147483647;
			dstPath = /usr/share/man/man1/;
			dstSubfolderSpec = 0;
			files = (
			);
			runOnlyForDeploymentPostprocessing = 1;
		};
/* End PBXCopyFilesBuildPhase section */

/* Begin PBXFileReference section */
		A03056801C16C3C100BF7596 /* Work01 */ = {isa = PBXFileReference; explicitFileType = "compiled.mach-o.executable"; includeInIndex = 0; path = Work01; sourceTree = BUILT_PRODUCTS_DIR; };
		A03056831C16C3C100BF7596 /* main.cpp */ = {isa = PBXFileReference; lastKnownFileType = sourcecode.cpp.cpp; path = main.cpp; sourceTree = "<group>"; };
		A030568A1C16C3D100BF7596 /* GLUT.framework */ = {isa = PBXFileReference; lastKnownFileType = wrapper.framework; name = GLUT.framework; path = System/Library/Frameworks/GLUT.framework; sourceTree = SDKROOT; };
		A030568C1C16C3D600BF7596 /* OpenGL.framework */ = {isa = PBXFileReference; lastKnownFileType = wrapper.framework; name = OpenGL.framework; path = System/Library/Frameworks/OpenGL.framework; sourceTree = SDKROOT; };
/* End PBXFileReference section */

/* Begin PBXFrameworksBuildPhase section */
		A030567D1C16C3C100BF7596 /* Frameworks */ = {
			isa = PBXFrameworksBuildPhase;
			buildActionMask = 2147483647;
			files = (
				A030568D1C16C3D600BF7596 /* OpenGL.framework in Frameworks */,
				A030568B1C16C3D100BF7596 /* GLUT.framework in Frameworks */,
			);
			runOnlyForDeploymentPostprocessing = 0;
		};
/* End PBXFrameworksBuildPhase section */

/* Begin PBXGroup section */
		A03056771C16C3C100BF7596 = {
			isa = PBXGroup;
			children = (
				A030568C1C16C3D600BF7596 /* OpenGL.framework */,
				A030568A1C16C3D100BF7596 /* GLUT.framework */,
				A03056821C16C3C100BF7596 /* Work01 */,
				A03056811C16C3C100BF7596 /* Products */,
			);
			sourceTree = "<group>";
		};
		A03056811C16C3C100BF7596 /* Products */ = {
			isa = PBXGroup;
			children = (
				A03056801C16C3C100BF7596 /* Work01 */,
			);
			name = Products;
			sourceTree = "<group>";
		};
		A03056821C16C3C100BF7596 /* Work01 */ = {
			isa = PBXGroup;
			children = (
				A03056831C16C3C100BF7596 /* main.cpp */,
			);
			path = Work01;
			sourceTree = "<group>";
		};
/* End PBXGroup section */

/* Begin PBXNativeTarget section */
		A030567F1C16C3C100BF7596 /* Work01 */ = {
			isa = PBXNativeTarget;
			buildConfigurationList = A03056871C16C3C100BF7596 /* Build configuration list for PBXNativeTarget "Work01" */;
			buildPhases = (
				A030567C1C16C3C100BF7596 /* Sources */,
				A030567D1C16C3C100BF7596 /* Frameworks */,
				A030567E1C16C3C100BF7596 /* CopyFiles */,
			);
			buildRules = (
			);
			dependencies = (
			);
			name = Work01;
			productName = Work01;
			productReference = A03056801C16C3C100BF7596 /* Work01 */;
			productType = "com.apple.product-type.tool";
		};
/* End PBXNativeTarget section */

/* Begin PBXProject section */
		A03056781C16C3C100BF7596 /* Project object */ = {
			isa = PBXProject;
			attributes = {
				LastUpgradeCheck = 0640;
				ORGANIZATIONNAME = "黄梦妃";
				TargetAttributes = {
					A030567F1C16C3C100BF7596 = {
						CreatedOnToolsVersion = 6.4;
					};
				};
			};
			buildConfigurationList = A030567B1C16C3C100BF7596 /* Build configuration list for PBXProject "Work01" */;
			compatibilityVersion = "Xcode 3.2";
			developmentRegion = English;
			hasScannedForEncodings = 0;
			knownRegions = (
				en,
			);
			mainGroup = A03056771C16C3C100BF7596;
			productRefGroup = A03056811C16C3C100BF7596 /* Products */;
			projectDirPath = "";
			projectRoot = "";
			targets = (
				A030567F1C16C3C100BF7596 /* Work01 */,
			);
		};
/* End PBXProject section */

/* Begin PBXSourcesBuildPhase section */
		A030567C1C16C3C100BF7596 /* Sources */ = {
			isa = PBXSourcesBuildPhase;
			buildActionMask = 2147483647;
			files = (
				A03056841C16C3C100BF7596 /* main.cpp in Sources */,
			);
			runOnlyForDeploymentPostprocessing = 0;
		};
/* End PBXSourcesBuildPhase section */

/* Begin XCBuildConfiguration section */
		A03056851C16C3C100BF7596 /* Debug */ = {
			isa = XCBuildConfiguration;
			buildSettings = {
				ALWAYS_SEARCH_USER_PATHS = NO;
				CLANG_CXX_LANGUAGE_STANDARD = "gnu++0x";
				CLANG_CXX_LIBRARY = "libc++";
				CLANG_ENABLE_MODULES = YES;
				CLANG_ENABLE_OBJC_ARC = YES;
				CLANG_WARN_BOOL_CONVERSION = YES;
				CLANG_WARN_CONSTANT_CONVERSION = YES;
				CLANG_WARN_DIRECT_OBJC_ISA_USAGE = YES_ERROR;
				CLANG_WARN_EMPTY_BODY = YES;
				CLANG_WARN_ENUM_CONVERSION = YES;
				CLANG_WARN_INT_CONVERSION = YES;
				CLANG_WARN_OBJC_ROOT_CLASS = YES_ERROR;
				CLANG_WARN_UNREACHABLE_CODE = YES;
				CLANG_WARN__DUPLICATE_METHOD_MATCH = YES;
				COPY_PHASE_STRIP = NO;
				DEBUG_INFORMATION_FORMAT = dwarf;
				ENABLE_STRICT_OBJC_MSGSEND = YES;
				GCC_C_LANGUAGE_STANDARD = gnu99;
				GCC_DYNAMIC_NO_PIC = NO;
				GCC_NO_COMMON_BLOCKS = YES;
				GCC_OPTIMIZATION_LEVEL = 0;
				GCC_PREPROCESSOR_DEFINITIONS = (
					"DEBUG=1",
					"$(inherited)",
				);
				GCC_SYMBOLS_PRIVATE_EXTERN = NO;
				GCC_WARN_64_TO_32_BIT_CONVERSION = YES;
				GCC_WARN_ABOUT_RETURN_TYPE = YES_ERROR;
				GCC_WARN_UNDECLARED_SELECTOR = YES;
				GCC_WARN_UNINITIALIZED_AUTOS = YES_AGGRESSIVE;
				GCC_WARN_UNUSED_FUNCTION = YES;
				GCC_WARN_UNUSED_VARIABLE = YES;
				MACOSX_DEPLOYMENT_TARGET = 10.10;
				MTL_ENABLE_DEBUG_INFO = YES;
				ONLY_ACTIVE_ARCH = YES;
				SDKROOT = macosx;
			};
			name = Debug;
		};
		A03056861C16C3C100BF7596 /* Release */ = {
			isa = XCBuildConfiguration;
			buildSettings = {
				ALWAYS_SEARCH_USER_PATHS = NO;
				CLANG_CXX_LANGUAGE_STANDARD = "gnu++0x";
				CLANG_CXX_LIBRARY = "libc++";
				CLANG_ENABLE_MODULES = YES;
				CLANG_ENABLE_OBJC_ARC = YES;
				CLANG_WARN_BOOL_CONVERSION = YES;
				CLANG_WARN_CONSTANT_CONVERSION = YES;
				CLANG_WARN_DIRECT_OBJC_ISA_USAGE = YES_ERROR;
				CLANG_WARN_EMPTY_BODY = YES;
				CLANG_WARN_ENUM_CONVERSION = YES;
				CLANG_WARN_INT_CONVERSION = YES;
				CLANG_WARN_OBJC_ROOT_CLASS = YES_ERROR;
				CLANG_WARN_UNREACHABLE_CODE = YES;
				CLANG_WARN__DUPLICATE_METHOD_MATCH = YES;
				COPY_PHASE_STRIP = NO;
				DEBUG_INFORMATION_FORMAT = "dwarf-with-dsym";
				ENABLE_NS_ASSERTIONS = NO;
				ENABLE_STRICT_OBJC_MSGSEND = YES;
				GCC_C_LANGUAGE_STANDARD = gnu99;
				GCC_NO_COMMON_BLOCKS = YES;
				GCC_WARN_64_TO_32_BIT_CONVERSION = YES;
				GCC_WARN_ABOUT_RETURN_TYPE = YES_ERROR;
				GCC_WARN_UNDECLARED_SELECTOR = YES;
				GCC_WARN_UNINITIALIZED_AUTOS = YES_AGGRESSIVE;
				GCC_WARN_UNUSED_FUNCTION = YES;
				GCC_WARN_UNUSED_VARIABLE = YES;
				MACOSX_DEPLOYMENT_TARGET = 10.10;
				MTL_ENABLE_DEBUG_INFO = NO;
				SDKROOT = macosx;
			};
			name = Release;
		};
		A03056881C16C3C100BF7596 /* Debug */ = {
			isa = XCBuildConfiguration;
			buildSettings = {
				MACOSX_DEPLOYMENT_TARGET = 10.8;
				PRODUCT_NAME = "$(TARGET_NAME)";
			};
			name = Debug;
		};
		A03056891C16C3C100BF7596 /* Release */ = {
			isa = XCBuildConfiguration;
			buildSettings = {
				MACOSX_DEPLOYMENT_TARGET = 10.8;
				PRODUCT_NAME = "$(TARGET_NAME)";
			};
			name = Release;
		};
/* End XCBuildConfiguration section */

/* Begin XCConfigurationList section */
		A030567B1C16C3C100BF7596 /* Build configuration list for PBXProject "Work01" */ = {
			isa = XCConfigurationList;
			buildConfigurations = (
				A03056851C16C3C100BF7596 /* Debug */,
				A03056861C16C3C100BF7596 /* Release */,
			);
			defaultConfigurationIsVisible = 0;
			defaultConfigurationName = Release;
		};
		A03056871C16C3C100BF7596 /* Build configuration list for PBXNativeTarget "Work01" */ = {
			isa = XCConfigurationList;
			buildConfigurations = (
				A03056881C16C3C100BF7596 /* Debug */,
				A03056891C16C3C100BF7596 /* Release */,
			);
			defaultConfigurationIsVisible = 0;
		};
/* End XCConfigurationList section */
	};
	rootObject = A03056781C16C3C100BF7596 /* Project object */;
}
