// !$*UTF8*$!
{
	archiveVersion = 1;
	classes = {
	};
	objectVersion = 46;
	objects = {

/* Begin PBXBuildFile section */
		17DE793C1C16DB9000307957 /* main.cpp in Sources */ = {isa = PBXBuildFile; fileRef = 17DE793B1C16DB9000307957 /* main.cpp */; };
		17DE79431C16DBC800307957 /* GLUT.framework in Frameworks */ = {isa = PBXBuildFile; fileRef = 17DE79421C16DBC800307957 /* GLUT.framework */; };
		17DE79451C16DBDA00307957 /* OpenGL.framework in Frameworks */ = {isa = PBXBuildFile; fileRef = 17DE79441C16DBDA00307957 /* OpenGL.framework */; };
/* End PBXBuildFile section */

/* Begin PBXCopyFilesBuildPhase section */
		17DE79361C16DB9000307957 /* CopyFiles */ = {
			isa = PBXCopyFilesBuildPhase;
			buildActionMask = 2147483647;
			dstPath = /usr/share/man/man1/;
			dstSubfolderSpec = 0;
			files = (
			);
			runOnlyForDeploymentPostprocessing = 1;
		};
/* End PBXCopyFilesBuildPhase section */

/* Begin PBXFileReference section */
		17DE79381C16DB9000307957 /* OpenGL_solar_wgj */ = {isa = PBXFileReference; explicitFileType = "compiled.mach-o.executable"; includeInIndex = 0; path = OpenGL_solar_wgj; sourceTree = BUILT_PRODUCTS_DIR; };
		17DE793B1C16DB9000307957 /* main.cpp */ = {isa = PBXFileReference; lastKnownFileType = sourcecode.cpp.cpp; path = main.cpp; sourceTree = "<group>"; };
		17DE79421C16DBC800307957 /* GLUT.framework */ = {isa = PBXFileReference; lastKnownFileType = wrapper.framework; name = GLUT.framework; path = System/Library/Frameworks/GLUT.framework; sourceTree = SDKROOT; };
		17DE79441C16DBDA00307957 /* OpenGL.framework */ = {isa = PBXFileReference; lastKnownFileType = wrapper.framework; name = OpenGL.framework; path = System/Library/Frameworks/OpenGL.framework; sourceTree = SDKROOT; };
/* End PBXFileReference section */

/* Begin PBXFrameworksBuildPhase section */
		17DE79351C16DB9000307957 /* Frameworks */ = {
			isa = PBXFrameworksBuildPhase;
			buildActionMask = 2147483647;
			files = (
				17DE79451C16DBDA00307957 /* OpenGL.framework in Frameworks */,
				17DE79431C16DBC800307957 /* GLUT.framework in Frameworks */,
			);
			runOnlyForDeploymentPostprocessing = 0;
		};
/* End PBXFrameworksBuildPhase section */

/* Begin PBXGroup section */
		17DE792F1C16DB9000307957 = {
			isa = PBXGroup;
			children = (
				17DE79421C16DBC800307957 /* GLUT.framework */,
				17DE79441C16DBDA00307957 /* OpenGL.framework */,
				17DE793A1C16DB9000307957 /* OpenGL_solar_wgj */,
				17DE79391C16DB9000307957 /* Products */,
			);
			sourceTree = "<group>";
		};
		17DE79391C16DB9000307957 /* Products */ = {
			isa = PBXGroup;
			children = (
				17DE79381C16DB9000307957 /* OpenGL_solar_wgj */,
			);
			name = Products;
			sourceTree = "<group>";
		};
		17DE793A1C16DB9000307957 /* OpenGL_solar_wgj */ = {
			isa = PBXGroup;
			children = (
				17DE793B1C16DB9000307957 /* main.cpp */,
			);
			path = OpenGL_solar_wgj;
			sourceTree = "<group>";
		};
/* End PBXGroup section */

/* Begin PBXNativeTarget section */
		17DE79371C16DB9000307957 /* OpenGL_solar_wgj */ = {
			isa = PBXNativeTarget;
			buildConfigurationList = 17DE793F1C16DB9000307957 /* Build configuration list for PBXNativeTarget "OpenGL_solar_wgj" */;
			buildPhases = (
				17DE79341C16DB9000307957 /* Sources */,
				17DE79351C16DB9000307957 /* Frameworks */,
				17DE79361C16DB9000307957 /* CopyFiles */,
			);
			buildRules = (
			);
			dependencies = (
			);
			name = OpenGL_solar_wgj;
			productName = OpenGL_solar_wgj;
			productReference = 17DE79381C16DB9000307957 /* OpenGL_solar_wgj */;
			productType = "com.apple.product-type.tool";
		};
/* End PBXNativeTarget section */

/* Begin PBXProject section */
		17DE79301C16DB9000307957 /* Project object */ = {
			isa = PBXProject;
			attributes = {
				LastUpgradeCheck = 0710;
				ORGANIZATIONNAME = "王国军";
				TargetAttributes = {
					17DE79371C16DB9000307957 = {
						CreatedOnToolsVersion = 7.1.1;
					};
				};
			};
			buildConfigurationList = 17DE79331C16DB9000307957 /* Build configuration list for PBXProject "OpenGL_solar_wgj" */;
			compatibilityVersion = "Xcode 3.2";
			developmentRegion = English;
			hasScannedForEncodings = 0;
			knownRegions = (
				en,
			);
			mainGroup = 17DE792F1C16DB9000307957;
			productRefGroup = 17DE79391C16DB9000307957 /* Products */;
			projectDirPath = "";
			projectRoot = "";
			targets = (
				17DE79371C16DB9000307957 /* OpenGL_solar_wgj */,
			);
		};
/* End PBXProject section */

/* Begin PBXSourcesBuildPhase section */
		17DE79341C16DB9000307957 /* Sources */ = {
			isa = PBXSourcesBuildPhase;
			buildActionMask = 2147483647;
			files = (
				17DE793C1C16DB9000307957 /* main.cpp in Sources */,
			);
			runOnlyForDeploymentPostprocessing = 0;
		};
/* End PBXSourcesBuildPhase section */

/* Begin XCBuildConfiguration section */
		17DE793D1C16DB9000307957 /* Debug */ = {
			isa = XCBuildConfiguration;
			buildSettings = {
				ALWAYS_SEARCH_USER_PATHS = NO;
				CLANG_CXX_LANGUAGE_STANDARD = "gnu++0x";
				CLANG_CXX_LIBRARY = "libc++";
				CLANG_ENABLE_MODULES = YES;
				CLANG_ENABLE_OBJC_ARC = YES;
				CLANG_WARN_BOOL_CONVERSION = YES;
				CLANG_WARN_CONSTANT_CONVERSION = YES;
				CLANG_WARN_DIRECT_OBJC_ISA_USAGE = YES_ERROR;
				CLANG_WARN_EMPTY_BODY = YES;
				CLANG_WARN_ENUM_CONVERSION = YES;
				CLANG_WARN_INT_CONVERSION = YES;
				CLANG_WARN_OBJC_ROOT_CLASS = YES_ERROR;
				CLANG_WARN_UNREACHABLE_CODE = YES;
				CLANG_WARN__DUPLICATE_METHOD_MATCH = YES;
				CODE_SIGN_IDENTITY = "-";
				COPY_PHASE_STRIP = NO;
				DEBUG_INFORMATION_FORMAT = dwarf;
				ENABLE_STRICT_OBJC_MSGSEND = YES;
				ENABLE_TESTABILITY = YES;
				GCC_C_LANGUAGE_STANDARD = gnu99;
				GCC_DYNAMIC_NO_PIC = NO;
				GCC_NO_COMMON_BLOCKS = YES;
				GCC_OPTIMIZATION_LEVEL = 0;
				GCC_PREPROCESSOR_DEFINITIONS = (
					"DEBUG=1",
					"$(inherited)",
				);
				GCC_WARN_64_TO_32_BIT_CONVERSION = YES;
				GCC_WARN_ABOUT_RETURN_TYPE = YES_ERROR;
				GCC_WARN_UNDECLARED_SELECTOR = YES;
				GCC_WARN_UNINITIALIZED_AUTOS = YES_AGGRESSIVE;
				GCC_WARN_UNUSED_FUNCTION = YES;
				GCC_WARN_UNUSED_VARIABLE = YES;
				MACOSX_DEPLOYMENT_TARGET = 10.11;
				MTL_ENABLE_DEBUG_INFO = YES;
				ONLY_ACTIVE_ARCH = YES;
				SDKROOT = macosx;
			};
			name = Debug;
		};
		17DE793E1C16DB9000307957 /* Release */ = {
			isa = XCBuildConfiguration;
			buildSettings = {
				ALWAYS_SEARCH_USER_PATHS = NO;
				CLANG_CXX_LANGUAGE_STANDARD = "gnu++0x";
				CLANG_CXX_LIBRARY = "libc++";
				CLANG_ENABLE_MODULES = YES;
				CLANG_ENABLE_OBJC_ARC = YES;
				CLANG_WARN_BOOL_CONVERSION = YES;
				CLANG_WARN_CONSTANT_CONVERSION = YES;
				CLANG_WARN_DIRECT_OBJC_ISA_USAGE = YES_ERROR;
				CLANG_WARN_EMPTY_BODY = YES;
				CLANG_WARN_ENUM_CONVERSION = YES;
				CLANG_WARN_INT_CONVERSION = YES;
				CLANG_WARN_OBJC_ROOT_CLASS = YES_ERROR;
				CLANG_WARN_UNREACHABLE_CODE = YES;
				CLANG_WARN__DUPLICATE_METHOD_MATCH = YES;
				CODE_SIGN_IDENTITY = "-";
				COPY_PHASE_STRIP = NO;
				DEBUG_INFORMATION_FORMAT = "dwarf-with-dsym";
				ENABLE_NS_ASSERTIONS = NO;
				ENABLE_STRICT_OBJC_MSGSEND = YES;
				GCC_C_LANGUAGE_STANDARD = gnu99;
				GCC_NO_COMMON_BLOCKS = YES;
				GCC_WARN_64_TO_32_BIT_CONVERSION = YES;
				GCC_WARN_ABOUT_RETURN_TYPE = YES_ERROR;
				GCC_WARN_UNDECLARED_SELECTOR = YES;
				GCC_WARN_UNINITIALIZED_AUTOS = YES_AGGRESSIVE;
				GCC_WARN_UNUSED_FUNCTION = YES;
				GCC_WARN_UNUSED_VARIABLE = YES;
				MACOSX_DEPLOYMENT_TARGET = 10.11;
				MTL_ENABLE_DEBUG_INFO = NO;
				SDKROOT = macosx;
			};
			name = Release;
		};
		17DE79401C16DB9000307957 /* Debug */ = {
			isa = XCBuildConfiguration;
			buildSettings = {
				PRODUCT_NAME = "$(TARGET_NAME)";
			};
			name = Debug;
		};
		17DE79411C16DB9000307957 /* Release */ = {
			isa = XCBuildConfiguration;
			buildSettings = {
				PRODUCT_NAME = "$(TARGET_NAME)";
			};
			name = Release;
		};
/* End XCBuildConfiguration section */

/* Begin XCConfigurationList section */
		17DE79331C16DB9000307957 /* Build configuration list for PBXProject "OpenGL_solar_wgj" */ = {
			isa = XCConfigurationList;
			buildConfigurations = (
				17DE793D1C16DB9000307957 /* Debug */,
				17DE793E1C16DB9000307957 /* Release */,
			);
			defaultConfigurationIsVisible = 0;
			defaultConfigurationName = Release;
		};
		17DE793F1C16DB9000307957 /* Build configuration list for PBXNativeTarget "OpenGL_solar_wgj" */ = {
			isa = XCConfigurationList;
			buildConfigurations = (
				17DE79401C16DB9000307957 /* Debug */,
				17DE79411C16DB9000307957 /* Release */,
			);
			defaultConfigurationIsVisible = 0;
		};
/* End XCConfigurationList section */
	};
	rootObject = 17DE79301C16DB9000307957 /* Project object */;
}
